
Microsoft Visual Studio Solution File, Format Version 12.00
# Visual Studio 15
VisualStudioVersion = 15.0.28010.2046
MinimumVisualStudioVersion = 10.0.40219.1
Project("{FAE04EC0-301F-11D3-BF4B-00C04F79EFBC}") = "DataTime", "DataTime\DataTime.csproj", "{78361E7D-52F1-4A9D-BFF1-E5C9CE77240D}"
EndProject
Global
	GlobalSection(SolutionConfigurationPlatforms) = preSolution
		Debug|Any CPU = Debug|Any CPU
		Release|Any CPU = Release|Any CPU
	EndGlobalSection
	GlobalSection(ProjectConfigurationPlatforms) = postSolution
		{78361E7D-52F1-4A9D-BFF1-E5C9CE77240D}.Debug|Any CPU.ActiveCfg = Debug|Any CPU
		{78361E7D-52F1-4A9D-BFF1-E5C9CE77240D}.Debug|Any CPU.Build.0 = Debug|Any CPU
		{78361E7D-52F1-4A9D-BFF1-E5C9CE77240D}.Release|Any CPU.ActiveCfg = Release|Any CPU
		{78361E7D-52F1-4A9D-BFF1-E5C9CE77240D}.Release|Any CPU.Build.0 = Release|Any CPU
	EndGlobalSection
	GlobalSection(SolutionProperties) = preSolution
		HideSolutionNode = FALSE
	EndGlobalSection
	GlobalSection(ExtensibilityGlobals) = postSolution
		SolutionGuid = {87D83259-7B65-4DD7-841D-13B46015A9C9}
	EndGlobalSection
EndGlobal
