
Microsoft Visual Studio Solution File, Format Version 12.00
# Visual Studio 15
VisualStudioVersion = 15.0.27703.2047
MinimumVisualStudioVersion = 10.0.40219.1
Project("{FAE04EC0-301F-11D3-BF4B-00C04F79EFBC}") = "ExDateTime", "ExDateTime\ExDateTime.csproj", "{C33E4ED1-F285-48DA-96BC-7F0A6049FE15}"
EndProject
Project("{FAE04EC0-301F-11D3-BF4B-00C04F79EFBC}") = "Exercicios", "Exercicios\Exercicios.csproj", "{2179D53B-7FBB-4F94-B8EA-36D9322F1D9B}"
EndProject
Global
	GlobalSection(SolutionConfigurationPlatforms) = preSolution
		Debug|Any CPU = Debug|Any CPU
		Release|Any CPU = Release|Any CPU
	EndGlobalSection
	GlobalSection(ProjectConfigurationPlatforms) = postSolution
		{C33E4ED1-F285-48DA-96BC-7F0A6049FE15}.Debug|Any CPU.ActiveCfg = Debug|Any CPU
		{C33E4ED1-F285-48DA-96BC-7F0A6049FE15}.Debug|Any CPU.Build.0 = Debug|Any CPU
		{C33E4ED1-F285-48DA-96BC-7F0A6049FE15}.Release|Any CPU.ActiveCfg = Release|Any CPU
		{C33E4ED1-F285-48DA-96BC-7F0A6049FE15}.Release|Any CPU.Build.0 = Release|Any CPU
		{2179D53B-7FBB-4F94-B8EA-36D9322F1D9B}.Debug|Any CPU.ActiveCfg = Debug|Any CPU
		{2179D53B-7FBB-4F94-B8EA-36D9322F1D9B}.Debug|Any CPU.Build.0 = Debug|Any CPU
		{2179D53B-7FBB-4F94-B8EA-36D9322F1D9B}.Release|Any CPU.ActiveCfg = Release|Any CPU
		{2179D53B-7FBB-4F94-B8EA-36D9322F1D9B}.Release|Any CPU.Build.0 = Release|Any CPU
	EndGlobalSection
	GlobalSection(SolutionProperties) = preSolution
		HideSolutionNode = FALSE
	EndGlobalSection
	GlobalSection(ExtensibilityGlobals) = postSolution
		SolutionGuid = {31A7604A-96AA-467C-957F-ABE8FE201E70}
	EndGlobalSection
EndGlobal
