
Microsoft Visual Studio Solution File, Format Version 12.00
# Visual Studio 15
VisualStudioVersion = 15.0.28307.106
MinimumVisualStudioVersion = 10.0.40219.1
Project("{2150E333-8FDC-42A3-9474-1A3956D46DE8}") = "01 - ConsoleApp", "01 - ConsoleApp", "{D07FACE0-693A-4BF3-B5EC-2740039FBD00}"
EndProject
Project("{2150E333-8FDC-42A3-9474-1A3956D46DE8}") = "Exercicio01", "Exercicio01", "{FFC08AD3-9802-428F-B585-D74E8B39D65E}"
EndProject
Project("{2150E333-8FDC-42A3-9474-1A3956D46DE8}") = "Exercicio02", "Exercicio02", "{3A21E0D6-93B1-4CD6-AF03-F3A4DE6E473F}"
EndProject
Project("{2150E333-8FDC-42A3-9474-1A3956D46DE8}") = "02 - Dominio", "02 - Dominio", "{DF10BA5B-E468-4348-B87D-DEAC41A00401}"
EndProject
Project("{2150E333-8FDC-42A3-9474-1A3956D46DE8}") = "03 - Comum", "03 - Comum", "{0E7B6D2E-00C5-408A-BBF1-FDC755E3E244}"
EndProject
Project("{2150E333-8FDC-42A3-9474-1A3956D46DE8}") = "01 - ConsoleApp", "01 - ConsoleApp", "{B42B7127-7583-4ABF-8C2B-E416CD4F8F19}"
EndProject
Project("{2150E333-8FDC-42A3-9474-1A3956D46DE8}") = "02 - Dominio", "02 - Dominio", "{28F8CC68-3039-4D56-BBE6-9437C0D1A74D}"
EndProject
Project("{2150E333-8FDC-42A3-9474-1A3956D46DE8}") = "03 - Comum", "03 - Comum", "{F51E74C5-044C-4CFF-84EB-F2833CB61887}"
EndProject
Project("{FAE04EC0-301F-11D3-BF4B-00C04F79EFBC}") = "Petshop.ConsoleApp", "Petshop.ConsoleApp\Petshop.ConsoleApp.csproj", "{31C853BA-A90C-40B9-B31F-40C9596E9A5B}"
EndProject
Project("{FAE04EC0-301F-11D3-BF4B-00C04F79EFBC}") = "Petshop.Dominio", "Petshop.Dominio\Petshop.Dominio.csproj", "{81183468-A20B-4EBA-9FC9-A26CE10C52DA}"
EndProject
Project("{FAE04EC0-301F-11D3-BF4B-00C04F79EFBC}") = "Petshop.Comum", "Petshop.Comum\Petshop.Comum.csproj", "{D63A6ACD-BEDE-4A03-9F39-B8C49CC2F841}"
EndProject
Project("{FAE04EC0-301F-11D3-BF4B-00C04F79EFBC}") = "Escola.ConsoleApp", "Escola.ConsoleApp\Escola.ConsoleApp.csproj", "{BE49FFE0-EBF2-447C-B5B6-79D349340B83}"
EndProject
Project("{FAE04EC0-301F-11D3-BF4B-00C04F79EFBC}") = "Escola.Dominio", "Escola.Dominio\Escola.Dominio.csproj", "{3C071C57-EF5E-43A3-8391-847E4272EC06}"
EndProject
Project("{FAE04EC0-301F-11D3-BF4B-00C04F79EFBC}") = "Escola.Comum", "Escola.Comum\Escola.Comum.csproj", "{789EBBEB-D556-4395-8266-B43FF6554D58}"
EndProject
Global
	GlobalSection(SolutionConfigurationPlatforms) = preSolution
		Debug|Any CPU = Debug|Any CPU
		Release|Any CPU = Release|Any CPU
	EndGlobalSection
	GlobalSection(ProjectConfigurationPlatforms) = postSolution
		{31C853BA-A90C-40B9-B31F-40C9596E9A5B}.Debug|Any CPU.ActiveCfg = Debug|Any CPU
		{31C853BA-A90C-40B9-B31F-40C9596E9A5B}.Debug|Any CPU.Build.0 = Debug|Any CPU
		{31C853BA-A90C-40B9-B31F-40C9596E9A5B}.Release|Any CPU.ActiveCfg = Release|Any CPU
		{31C853BA-A90C-40B9-B31F-40C9596E9A5B}.Release|Any CPU.Build.0 = Release|Any CPU
		{81183468-A20B-4EBA-9FC9-A26CE10C52DA}.Debug|Any CPU.ActiveCfg = Debug|Any CPU
		{81183468-A20B-4EBA-9FC9-A26CE10C52DA}.Debug|Any CPU.Build.0 = Debug|Any CPU
		{81183468-A20B-4EBA-9FC9-A26CE10C52DA}.Release|Any CPU.ActiveCfg = Release|Any CPU
		{81183468-A20B-4EBA-9FC9-A26CE10C52DA}.Release|Any CPU.Build.0 = Release|Any CPU
		{D63A6ACD-BEDE-4A03-9F39-B8C49CC2F841}.Debug|Any CPU.ActiveCfg = Debug|Any CPU
		{D63A6ACD-BEDE-4A03-9F39-B8C49CC2F841}.Debug|Any CPU.Build.0 = Debug|Any CPU
		{D63A6ACD-BEDE-4A03-9F39-B8C49CC2F841}.Release|Any CPU.ActiveCfg = Release|Any CPU
		{D63A6ACD-BEDE-4A03-9F39-B8C49CC2F841}.Release|Any CPU.Build.0 = Release|Any CPU
		{BE49FFE0-EBF2-447C-B5B6-79D349340B83}.Debug|Any CPU.ActiveCfg = Debug|Any CPU
		{BE49FFE0-EBF2-447C-B5B6-79D349340B83}.Debug|Any CPU.Build.0 = Debug|Any CPU
		{BE49FFE0-EBF2-447C-B5B6-79D349340B83}.Release|Any CPU.ActiveCfg = Release|Any CPU
		{BE49FFE0-EBF2-447C-B5B6-79D349340B83}.Release|Any CPU.Build.0 = Release|Any CPU
		{3C071C57-EF5E-43A3-8391-847E4272EC06}.Debug|Any CPU.ActiveCfg = Debug|Any CPU
		{3C071C57-EF5E-43A3-8391-847E4272EC06}.Debug|Any CPU.Build.0 = Debug|Any CPU
		{3C071C57-EF5E-43A3-8391-847E4272EC06}.Release|Any CPU.ActiveCfg = Release|Any CPU
		{3C071C57-EF5E-43A3-8391-847E4272EC06}.Release|Any CPU.Build.0 = Release|Any CPU
		{789EBBEB-D556-4395-8266-B43FF6554D58}.Debug|Any CPU.ActiveCfg = Debug|Any CPU
		{789EBBEB-D556-4395-8266-B43FF6554D58}.Debug|Any CPU.Build.0 = Debug|Any CPU
		{789EBBEB-D556-4395-8266-B43FF6554D58}.Release|Any CPU.ActiveCfg = Release|Any CPU
		{789EBBEB-D556-4395-8266-B43FF6554D58}.Release|Any CPU.Build.0 = Release|Any CPU
	EndGlobalSection
	GlobalSection(SolutionProperties) = preSolution
		HideSolutionNode = FALSE
	EndGlobalSection
	GlobalSection(NestedProjects) = preSolution
		{D07FACE0-693A-4BF3-B5EC-2740039FBD00} = {FFC08AD3-9802-428F-B585-D74E8B39D65E}
		{DF10BA5B-E468-4348-B87D-DEAC41A00401} = {FFC08AD3-9802-428F-B585-D74E8B39D65E}
		{0E7B6D2E-00C5-408A-BBF1-FDC755E3E244} = {FFC08AD3-9802-428F-B585-D74E8B39D65E}
		{B42B7127-7583-4ABF-8C2B-E416CD4F8F19} = {3A21E0D6-93B1-4CD6-AF03-F3A4DE6E473F}
		{28F8CC68-3039-4D56-BBE6-9437C0D1A74D} = {3A21E0D6-93B1-4CD6-AF03-F3A4DE6E473F}
		{F51E74C5-044C-4CFF-84EB-F2833CB61887} = {3A21E0D6-93B1-4CD6-AF03-F3A4DE6E473F}
		{31C853BA-A90C-40B9-B31F-40C9596E9A5B} = {D07FACE0-693A-4BF3-B5EC-2740039FBD00}
		{81183468-A20B-4EBA-9FC9-A26CE10C52DA} = {DF10BA5B-E468-4348-B87D-DEAC41A00401}
		{D63A6ACD-BEDE-4A03-9F39-B8C49CC2F841} = {0E7B6D2E-00C5-408A-BBF1-FDC755E3E244}
		{BE49FFE0-EBF2-447C-B5B6-79D349340B83} = {B42B7127-7583-4ABF-8C2B-E416CD4F8F19}
		{3C071C57-EF5E-43A3-8391-847E4272EC06} = {28F8CC68-3039-4D56-BBE6-9437C0D1A74D}
		{789EBBEB-D556-4395-8266-B43FF6554D58} = {F51E74C5-044C-4CFF-84EB-F2833CB61887}
	EndGlobalSection
	GlobalSection(ExtensibilityGlobals) = postSolution
		SolutionGuid = {61DE1B1E-A365-4065-91C7-8D6F17EF6F80}
	EndGlobalSection
EndGlobal
