
Microsoft Visual Studio Solution File, Format Version 12.00
# Visual Studio 15
VisualStudioVersion = 15.0.28010.2026
MinimumVisualStudioVersion = 10.0.40219.1
Project("{FAE04EC0-301F-11D3-BF4B-00C04F79EFBC}") = "Exercicio01", "Exercicio01\Exercicio01.csproj", "{BBC4A0A1-B254-4A87-9431-43471CF788CA}"
EndProject
Project("{2150E333-8FDC-42A3-9474-1A3956D46DE8}") = "01 - Console", "01 - Console", "{EEE3B84E-2935-475A-915B-2EF85DE1ADDE}"
EndProject
Project("{2150E333-8FDC-42A3-9474-1A3956D46DE8}") = "02 - Dominio", "02 - Dominio", "{5FC4AE21-AEFA-40FA-BF35-E3162AE46FA9}"
EndProject
Project("{2150E333-8FDC-42A3-9474-1A3956D46DE8}") = "05 - Comum", "05 - Comum", "{B7F6C6C1-3FBB-49D1-AA5E-DBED97D4761A}"
EndProject
Project("{FAE04EC0-301F-11D3-BF4B-00C04F79EFBC}") = "Exercicio01.Comum", "Exercicio01.Comum\Exercicio01.Comum.csproj", "{9D6ACAFE-2FEA-4DCD-92B7-B6CED7CFD3DE}"
EndProject
Project("{FAE04EC0-301F-11D3-BF4B-00C04F79EFBC}") = "Exercicio01.Dominio", "Exercicio01.Dominio\Exercicio01.Dominio.csproj", "{58588ED4-E3DB-4C56-AD6C-4E7968D4361F}"
EndProject
Project("{2150E333-8FDC-42A3-9474-1A3956D46DE8}") = "Exercicio1 - PetShop", "Exercicio1 - PetShop", "{B05E1906-9D5D-4AC1-90BA-D7F07C3D6C5B}"
EndProject
Project("{2150E333-8FDC-42A3-9474-1A3956D46DE8}") = "Exercicio2 - Escola", "Exercicio2 - Escola", "{EAEB6581-823B-4FB8-B7CA-1964949FBBEE}"
EndProject
Project("{2150E333-8FDC-42A3-9474-1A3956D46DE8}") = "1 - Console", "1 - Console", "{FD33DD2C-BF4C-4702-8D03-49E004A8C996}"
EndProject
Project("{2150E333-8FDC-42A3-9474-1A3956D46DE8}") = "2 - Dominio", "2 - Dominio", "{7ABB7E5F-5548-4426-9460-A05FD5E88547}"
EndProject
Project("{2150E333-8FDC-42A3-9474-1A3956D46DE8}") = "3 - comum", "3 - comum", "{FA1BF6DB-059E-48BA-AC5B-A7BF410C3BC5}"
EndProject
Project("{FAE04EC0-301F-11D3-BF4B-00C04F79EFBC}") = "Exercicio2.Console", "Exercicio2.Console\Exercicio2.Console.csproj", "{5174329E-BA7D-4A58-84F6-3B8BE347377C}"
EndProject
Project("{FAE04EC0-301F-11D3-BF4B-00C04F79EFBC}") = "Exercicio2.Dominio", "Exercicio2.Dominio\Exercicio2.Dominio.csproj", "{79FDF622-C0F4-4890-8591-758141B47B93}"
EndProject
Project("{FAE04EC0-301F-11D3-BF4B-00C04F79EFBC}") = "Exercicio01.Console", "Exercicio01.Console\Exercicio01.Console.csproj", "{BCF21D6F-4B1C-462C-8732-16AE87549CA6}"
EndProject
Project("{2150E333-8FDC-42A3-9474-1A3956D46DE8}") = "00 - Swagger", "00 - Swagger", "{D5BAB4D5-8478-4A0E-BBD4-2D17FA7C0437}"
EndProject
Project("{2150E333-8FDC-42A3-9474-1A3956D46DE8}") = "03 - Services", "03 - Services", "{205E5AE0-F772-4AB9-8C16-03AC1090FA5B}"
EndProject
Project("{2150E333-8FDC-42A3-9474-1A3956D46DE8}") = "04 - Repositório", "04 - Repositório", "{7A8682F2-922E-4F24-996A-7F06E4E0575C}"
EndProject
Project("{FAE04EC0-301F-11D3-BF4B-00C04F79EFBC}") = "Exercicio01.Swagger", "Exercicio01.Swagger\Exercicio01.Swagger.csproj", "{54162DB0-A06D-4BDB-981F-3D25243ECD4E}"
EndProject
Project("{FAE04EC0-301F-11D3-BF4B-00C04F79EFBC}") = "Exercicio01.Service", "Exercicio01.Service\Exercicio01.Service.csproj", "{D88F0123-6A77-4D58-B039-72B8A5EBE3AE}"
EndProject
Project("{FAE04EC0-301F-11D3-BF4B-00C04F79EFBC}") = "Exercicio01.Repositorio", "Exercicio01.Repositorio\Exercicio01.Repositorio.csproj", "{E8C60618-7C9B-41FD-A460-BF29B0B2CE7F}"
EndProject
Global
	GlobalSection(SolutionConfigurationPlatforms) = preSolution
		Debug|Any CPU = Debug|Any CPU
		Release|Any CPU = Release|Any CPU
	EndGlobalSection
	GlobalSection(ProjectConfigurationPlatforms) = postSolution
		{BBC4A0A1-B254-4A87-9431-43471CF788CA}.Debug|Any CPU.ActiveCfg = Debug|Any CPU
		{BBC4A0A1-B254-4A87-9431-43471CF788CA}.Debug|Any CPU.Build.0 = Debug|Any CPU
		{BBC4A0A1-B254-4A87-9431-43471CF788CA}.Release|Any CPU.ActiveCfg = Release|Any CPU
		{BBC4A0A1-B254-4A87-9431-43471CF788CA}.Release|Any CPU.Build.0 = Release|Any CPU
		{9D6ACAFE-2FEA-4DCD-92B7-B6CED7CFD3DE}.Debug|Any CPU.ActiveCfg = Debug|Any CPU
		{9D6ACAFE-2FEA-4DCD-92B7-B6CED7CFD3DE}.Debug|Any CPU.Build.0 = Debug|Any CPU
		{9D6ACAFE-2FEA-4DCD-92B7-B6CED7CFD3DE}.Release|Any CPU.ActiveCfg = Release|Any CPU
		{9D6ACAFE-2FEA-4DCD-92B7-B6CED7CFD3DE}.Release|Any CPU.Build.0 = Release|Any CPU
		{58588ED4-E3DB-4C56-AD6C-4E7968D4361F}.Debug|Any CPU.ActiveCfg = Debug|Any CPU
		{58588ED4-E3DB-4C56-AD6C-4E7968D4361F}.Debug|Any CPU.Build.0 = Debug|Any CPU
		{58588ED4-E3DB-4C56-AD6C-4E7968D4361F}.Release|Any CPU.ActiveCfg = Release|Any CPU
		{58588ED4-E3DB-4C56-AD6C-4E7968D4361F}.Release|Any CPU.Build.0 = Release|Any CPU
		{5174329E-BA7D-4A58-84F6-3B8BE347377C}.Debug|Any CPU.ActiveCfg = Debug|Any CPU
		{5174329E-BA7D-4A58-84F6-3B8BE347377C}.Debug|Any CPU.Build.0 = Debug|Any CPU
		{5174329E-BA7D-4A58-84F6-3B8BE347377C}.Release|Any CPU.ActiveCfg = Release|Any CPU
		{5174329E-BA7D-4A58-84F6-3B8BE347377C}.Release|Any CPU.Build.0 = Release|Any CPU
		{79FDF622-C0F4-4890-8591-758141B47B93}.Debug|Any CPU.ActiveCfg = Debug|Any CPU
		{79FDF622-C0F4-4890-8591-758141B47B93}.Debug|Any CPU.Build.0 = Debug|Any CPU
		{79FDF622-C0F4-4890-8591-758141B47B93}.Release|Any CPU.ActiveCfg = Release|Any CPU
		{79FDF622-C0F4-4890-8591-758141B47B93}.Release|Any CPU.Build.0 = Release|Any CPU
		{BCF21D6F-4B1C-462C-8732-16AE87549CA6}.Debug|Any CPU.ActiveCfg = Debug|Any CPU
		{BCF21D6F-4B1C-462C-8732-16AE87549CA6}.Debug|Any CPU.Build.0 = Debug|Any CPU
		{BCF21D6F-4B1C-462C-8732-16AE87549CA6}.Release|Any CPU.ActiveCfg = Release|Any CPU
		{BCF21D6F-4B1C-462C-8732-16AE87549CA6}.Release|Any CPU.Build.0 = Release|Any CPU
		{54162DB0-A06D-4BDB-981F-3D25243ECD4E}.Debug|Any CPU.ActiveCfg = Debug|Any CPU
		{54162DB0-A06D-4BDB-981F-3D25243ECD4E}.Debug|Any CPU.Build.0 = Debug|Any CPU
		{54162DB0-A06D-4BDB-981F-3D25243ECD4E}.Release|Any CPU.ActiveCfg = Release|Any CPU
		{54162DB0-A06D-4BDB-981F-3D25243ECD4E}.Release|Any CPU.Build.0 = Release|Any CPU
		{D88F0123-6A77-4D58-B039-72B8A5EBE3AE}.Debug|Any CPU.ActiveCfg = Debug|Any CPU
		{D88F0123-6A77-4D58-B039-72B8A5EBE3AE}.Debug|Any CPU.Build.0 = Debug|Any CPU
		{D88F0123-6A77-4D58-B039-72B8A5EBE3AE}.Release|Any CPU.ActiveCfg = Release|Any CPU
		{D88F0123-6A77-4D58-B039-72B8A5EBE3AE}.Release|Any CPU.Build.0 = Release|Any CPU
		{E8C60618-7C9B-41FD-A460-BF29B0B2CE7F}.Debug|Any CPU.ActiveCfg = Debug|Any CPU
		{E8C60618-7C9B-41FD-A460-BF29B0B2CE7F}.Debug|Any CPU.Build.0 = Debug|Any CPU
		{E8C60618-7C9B-41FD-A460-BF29B0B2CE7F}.Release|Any CPU.ActiveCfg = Release|Any CPU
		{E8C60618-7C9B-41FD-A460-BF29B0B2CE7F}.Release|Any CPU.Build.0 = Release|Any CPU
	EndGlobalSection
	GlobalSection(SolutionProperties) = preSolution
		HideSolutionNode = FALSE
	EndGlobalSection
	GlobalSection(NestedProjects) = preSolution
		{BBC4A0A1-B254-4A87-9431-43471CF788CA} = {EEE3B84E-2935-475A-915B-2EF85DE1ADDE}
		{EEE3B84E-2935-475A-915B-2EF85DE1ADDE} = {B05E1906-9D5D-4AC1-90BA-D7F07C3D6C5B}
		{5FC4AE21-AEFA-40FA-BF35-E3162AE46FA9} = {B05E1906-9D5D-4AC1-90BA-D7F07C3D6C5B}
		{B7F6C6C1-3FBB-49D1-AA5E-DBED97D4761A} = {B05E1906-9D5D-4AC1-90BA-D7F07C3D6C5B}
		{9D6ACAFE-2FEA-4DCD-92B7-B6CED7CFD3DE} = {B7F6C6C1-3FBB-49D1-AA5E-DBED97D4761A}
		{58588ED4-E3DB-4C56-AD6C-4E7968D4361F} = {5FC4AE21-AEFA-40FA-BF35-E3162AE46FA9}
		{FD33DD2C-BF4C-4702-8D03-49E004A8C996} = {EAEB6581-823B-4FB8-B7CA-1964949FBBEE}
		{7ABB7E5F-5548-4426-9460-A05FD5E88547} = {EAEB6581-823B-4FB8-B7CA-1964949FBBEE}
		{FA1BF6DB-059E-48BA-AC5B-A7BF410C3BC5} = {EAEB6581-823B-4FB8-B7CA-1964949FBBEE}
		{5174329E-BA7D-4A58-84F6-3B8BE347377C} = {FD33DD2C-BF4C-4702-8D03-49E004A8C996}
		{79FDF622-C0F4-4890-8591-758141B47B93} = {7ABB7E5F-5548-4426-9460-A05FD5E88547}
		{BCF21D6F-4B1C-462C-8732-16AE87549CA6} = {EEE3B84E-2935-475A-915B-2EF85DE1ADDE}
		{D5BAB4D5-8478-4A0E-BBD4-2D17FA7C0437} = {B05E1906-9D5D-4AC1-90BA-D7F07C3D6C5B}
		{205E5AE0-F772-4AB9-8C16-03AC1090FA5B} = {B05E1906-9D5D-4AC1-90BA-D7F07C3D6C5B}
		{7A8682F2-922E-4F24-996A-7F06E4E0575C} = {B05E1906-9D5D-4AC1-90BA-D7F07C3D6C5B}
		{54162DB0-A06D-4BDB-981F-3D25243ECD4E} = {D5BAB4D5-8478-4A0E-BBD4-2D17FA7C0437}
		{D88F0123-6A77-4D58-B039-72B8A5EBE3AE} = {205E5AE0-F772-4AB9-8C16-03AC1090FA5B}
		{E8C60618-7C9B-41FD-A460-BF29B0B2CE7F} = {7A8682F2-922E-4F24-996A-7F06E4E0575C}
	EndGlobalSection
	GlobalSection(ExtensibilityGlobals) = postSolution
		SolutionGuid = {8CA64AD0-F67A-43D6-9F26-244534F6A0AC}
	EndGlobalSection
EndGlobal
