
Microsoft Visual Studio Solution File, Format Version 12.00
# Visual Studio 15
VisualStudioVersion = 15.0.28010.2026
MinimumVisualStudioVersion = 10.0.40219.1
Project("{FAE04EC0-301F-11D3-BF4B-00C04F79EFBC}") = "Exercicio01", "Exercicio01\Exercicio01.csproj", "{BBC4A0A1-B254-4A87-9431-43471CF788CA}"
EndProject
Project("{2150E333-8FDC-42A3-9474-1A3956D46DE8}") = "1 - Console", "1 - Console", "{EEE3B84E-2935-475A-915B-2EF85DE1ADDE}"
EndProject
Project("{2150E333-8FDC-42A3-9474-1A3956D46DE8}") = "2 - Dominio", "2 - Dominio", "{5FC4AE21-AEFA-40FA-BF35-E3162AE46FA9}"
EndProject
Project("{2150E333-8FDC-42A3-9474-1A3956D46DE8}") = "3 - Comum", "3 - Comum", "{B7F6C6C1-3FBB-49D1-AA5E-DBED97D4761A}"
EndProject
Project("{FAE04EC0-301F-11D3-BF4B-00C04F79EFBC}") = "Exercicio01.Comum", "Exercicio01.Comum\Exercicio01.Comum.csproj", "{9D6ACAFE-2FEA-4DCD-92B7-B6CED7CFD3DE}"
EndProject
Project("{FAE04EC0-301F-11D3-BF4B-00C04F79EFBC}") = "Exercicio01.Dominio", "Exercicio01.Dominio\Exercicio01.Dominio.csproj", "{58588ED4-E3DB-4C56-AD6C-4E7968D4361F}"
EndProject
Project("{2150E333-8FDC-42A3-9474-1A3956D46DE8}") = "Exercicio1", "Exercicio1", "{B05E1906-9D5D-4AC1-90BA-D7F07C3D6C5B}"
EndProject
Global
	GlobalSection(SolutionConfigurationPlatforms) = preSolution
		Debug|Any CPU = Debug|Any CPU
		Release|Any CPU = Release|Any CPU
	EndGlobalSection
	GlobalSection(ProjectConfigurationPlatforms) = postSolution
		{BBC4A0A1-B254-4A87-9431-43471CF788CA}.Debug|Any CPU.ActiveCfg = Debug|Any CPU
		{BBC4A0A1-B254-4A87-9431-43471CF788CA}.Debug|Any CPU.Build.0 = Debug|Any CPU
		{BBC4A0A1-B254-4A87-9431-43471CF788CA}.Release|Any CPU.ActiveCfg = Release|Any CPU
		{BBC4A0A1-B254-4A87-9431-43471CF788CA}.Release|Any CPU.Build.0 = Release|Any CPU
		{9D6ACAFE-2FEA-4DCD-92B7-B6CED7CFD3DE}.Debug|Any CPU.ActiveCfg = Debug|Any CPU
		{9D6ACAFE-2FEA-4DCD-92B7-B6CED7CFD3DE}.Debug|Any CPU.Build.0 = Debug|Any CPU
		{9D6ACAFE-2FEA-4DCD-92B7-B6CED7CFD3DE}.Release|Any CPU.ActiveCfg = Release|Any CPU
		{9D6ACAFE-2FEA-4DCD-92B7-B6CED7CFD3DE}.Release|Any CPU.Build.0 = Release|Any CPU
		{58588ED4-E3DB-4C56-AD6C-4E7968D4361F}.Debug|Any CPU.ActiveCfg = Debug|Any CPU
		{58588ED4-E3DB-4C56-AD6C-4E7968D4361F}.Debug|Any CPU.Build.0 = Debug|Any CPU
		{58588ED4-E3DB-4C56-AD6C-4E7968D4361F}.Release|Any CPU.ActiveCfg = Release|Any CPU
		{58588ED4-E3DB-4C56-AD6C-4E7968D4361F}.Release|Any CPU.Build.0 = Release|Any CPU
	EndGlobalSection
	GlobalSection(SolutionProperties) = preSolution
		HideSolutionNode = FALSE
	EndGlobalSection
	GlobalSection(NestedProjects) = preSolution
		{BBC4A0A1-B254-4A87-9431-43471CF788CA} = {EEE3B84E-2935-475A-915B-2EF85DE1ADDE}
		{EEE3B84E-2935-475A-915B-2EF85DE1ADDE} = {B05E1906-9D5D-4AC1-90BA-D7F07C3D6C5B}
		{5FC4AE21-AEFA-40FA-BF35-E3162AE46FA9} = {B05E1906-9D5D-4AC1-90BA-D7F07C3D6C5B}
		{B7F6C6C1-3FBB-49D1-AA5E-DBED97D4761A} = {B05E1906-9D5D-4AC1-90BA-D7F07C3D6C5B}
		{9D6ACAFE-2FEA-4DCD-92B7-B6CED7CFD3DE} = {B7F6C6C1-3FBB-49D1-AA5E-DBED97D4761A}
		{58588ED4-E3DB-4C56-AD6C-4E7968D4361F} = {5FC4AE21-AEFA-40FA-BF35-E3162AE46FA9}
	EndGlobalSection
	GlobalSection(ExtensibilityGlobals) = postSolution
		SolutionGuid = {8CA64AD0-F67A-43D6-9F26-244534F6A0AC}
	EndGlobalSection
EndGlobal
