
Microsoft Visual Studio Solution File, Format Version 12.00
# Visual Studio 15
VisualStudioVersion = 15.0.28010.2041
MinimumVisualStudioVersion = 10.0.40219.1
Project("{FAE04EC0-301F-11D3-BF4B-00C04F79EFBC}") = "UaiQueijos.ConsoleApp", "UaiQueijos.ConsoleApp\UaiQueijos.ConsoleApp.csproj", "{F08D9FAC-3487-4DEE-A1D0-A8673297D53F}"
EndProject
Project("{FAE04EC0-301F-11D3-BF4B-00C04F79EFBC}") = "UaiQueijos.Dominio", "UaiQueijos.Dominio\UaiQueijos.Dominio.csproj", "{BA3B7162-0A37-428A-AEFE-D884EEC0DE9D}"
EndProject
Project("{FAE04EC0-301F-11D3-BF4B-00C04F79EFBC}") = "UaiQueijos.Comum", "UaiQueijos.Comum\UaiQueijos.Comum.csproj", "{C0D10539-7BFC-48DC-9CFC-9809B1D20DDC}"
EndProject
Project("{2150E333-8FDC-42A3-9474-1A3956D46DE8}") = "01 - ConsoleApp", "01 - ConsoleApp", "{927CAB32-9FE9-41B5-9EBE-CE28202A6CCD}"
EndProject
Project("{2150E333-8FDC-42A3-9474-1A3956D46DE8}") = "02 - Domínio", "02 - Domínio", "{45D8E5A0-B76D-4290-9053-4EE90DE82120}"
EndProject
Project("{2150E333-8FDC-42A3-9474-1A3956D46DE8}") = "03 - Comum", "03 - Comum", "{524646DA-2CD8-42AC-9A25-A90F5F8A17F5}"
EndProject
Global
	GlobalSection(SolutionConfigurationPlatforms) = preSolution
		Debug|Any CPU = Debug|Any CPU
		Release|Any CPU = Release|Any CPU
	EndGlobalSection
	GlobalSection(ProjectConfigurationPlatforms) = postSolution
		{F08D9FAC-3487-4DEE-A1D0-A8673297D53F}.Debug|Any CPU.ActiveCfg = Debug|Any CPU
		{F08D9FAC-3487-4DEE-A1D0-A8673297D53F}.Debug|Any CPU.Build.0 = Debug|Any CPU
		{F08D9FAC-3487-4DEE-A1D0-A8673297D53F}.Release|Any CPU.ActiveCfg = Release|Any CPU
		{F08D9FAC-3487-4DEE-A1D0-A8673297D53F}.Release|Any CPU.Build.0 = Release|Any CPU
		{BA3B7162-0A37-428A-AEFE-D884EEC0DE9D}.Debug|Any CPU.ActiveCfg = Debug|Any CPU
		{BA3B7162-0A37-428A-AEFE-D884EEC0DE9D}.Debug|Any CPU.Build.0 = Debug|Any CPU
		{BA3B7162-0A37-428A-AEFE-D884EEC0DE9D}.Release|Any CPU.ActiveCfg = Release|Any CPU
		{BA3B7162-0A37-428A-AEFE-D884EEC0DE9D}.Release|Any CPU.Build.0 = Release|Any CPU
		{C0D10539-7BFC-48DC-9CFC-9809B1D20DDC}.Debug|Any CPU.ActiveCfg = Debug|Any CPU
		{C0D10539-7BFC-48DC-9CFC-9809B1D20DDC}.Debug|Any CPU.Build.0 = Debug|Any CPU
		{C0D10539-7BFC-48DC-9CFC-9809B1D20DDC}.Release|Any CPU.ActiveCfg = Release|Any CPU
		{C0D10539-7BFC-48DC-9CFC-9809B1D20DDC}.Release|Any CPU.Build.0 = Release|Any CPU
	EndGlobalSection
	GlobalSection(SolutionProperties) = preSolution
		HideSolutionNode = FALSE
	EndGlobalSection
	GlobalSection(NestedProjects) = preSolution
		{F08D9FAC-3487-4DEE-A1D0-A8673297D53F} = {927CAB32-9FE9-41B5-9EBE-CE28202A6CCD}
		{BA3B7162-0A37-428A-AEFE-D884EEC0DE9D} = {45D8E5A0-B76D-4290-9053-4EE90DE82120}
		{C0D10539-7BFC-48DC-9CFC-9809B1D20DDC} = {524646DA-2CD8-42AC-9A25-A90F5F8A17F5}
	EndGlobalSection
	GlobalSection(ExtensibilityGlobals) = postSolution
		SolutionGuid = {8A41D6B7-AD5C-47D2-A5A6-575BAD19B507}
	EndGlobalSection
EndGlobal
