
Microsoft Visual Studio Solution File, Format Version 12.00
# Visual Studio 15
VisualStudioVersion = 15.0.28010.2046
MinimumVisualStudioVersion = 10.0.40219.1
Project("{FAE04EC0-301F-11D3-BF4B-00C04F79EFBC}") = "PetShop.ConsoleApp", "PetShop.ConsoleApp\PetShop.ConsoleApp.csproj", "{0C214F55-2359-49DC-B8E1-22265503A4A1}"
EndProject
Project("{FAE04EC0-301F-11D3-BF4B-00C04F79EFBC}") = "PetShop.Dominio", "PetShop.Dominio\PetShop.Dominio.csproj", "{1BDBB502-C5B0-4E4C-9BCE-4E912759A719}"
EndProject
Project("{FAE04EC0-301F-11D3-BF4B-00C04F79EFBC}") = "PetShop.Comum", "PetShop.Comum\PetShop.Comum.csproj", "{66CC79E2-8AE0-4B05-A78C-E6028ED32AC6}"
EndProject
Project("{2150E333-8FDC-42A3-9474-1A3956D46DE8}") = "01 - ConsoleApp", "01 - ConsoleApp", "{4DEAA6D7-3501-42C5-8028-A641C091F9DA}"
EndProject
Project("{2150E333-8FDC-42A3-9474-1A3956D46DE8}") = "02 - Dominio", "02 - Dominio", "{CEF01DD6-C70C-4BBF-A27E-E51F1B945D26}"
EndProject
Project("{2150E333-8FDC-42A3-9474-1A3956D46DE8}") = "05 - Comum", "05 - Comum", "{4BB61E96-283D-4CDA-B500-41B82479D0A7}"
EndProject
Project("{2150E333-8FDC-42A3-9474-1A3956D46DE8}") = "00 - Swagger", "00 - Swagger", "{B9FCC218-EFF3-4487-BC6C-C3F84D7AB538}"
EndProject
Project("{FAE04EC0-301F-11D3-BF4B-00C04F79EFBC}") = "PetShop.Swagger", "PetShop.Swagger\PetShop.Swagger.csproj", "{26E4701B-CE7C-40E2-B629-5B78147D1496}"
EndProject
Project("{2150E333-8FDC-42A3-9474-1A3956D46DE8}") = "04 - Repositorio", "04 - Repositorio", "{828D275D-910A-4372-9791-E42D526EDB88}"
EndProject
Project("{2150E333-8FDC-42A3-9474-1A3956D46DE8}") = "03 - Service", "03 - Service", "{4F66395D-9BF4-411F-8A67-02B10CEFAD65}"
EndProject
Project("{FAE04EC0-301F-11D3-BF4B-00C04F79EFBC}") = "PetShop.Repositorio", "PetShop.Repositorio\PetShop.Repositorio.csproj", "{FC299832-8340-4935-9423-04EC47802309}"
EndProject
Project("{FAE04EC0-301F-11D3-BF4B-00C04F79EFBC}") = "PetShop.Service", "PetShop.Service\PetShop.Service.csproj", "{3763E853-C67C-4321-AC92-15AAB5550F1C}"
EndProject
Global
	GlobalSection(SolutionConfigurationPlatforms) = preSolution
		Debug|Any CPU = Debug|Any CPU
		Release|Any CPU = Release|Any CPU
	EndGlobalSection
	GlobalSection(ProjectConfigurationPlatforms) = postSolution
		{0C214F55-2359-49DC-B8E1-22265503A4A1}.Debug|Any CPU.ActiveCfg = Debug|Any CPU
		{0C214F55-2359-49DC-B8E1-22265503A4A1}.Debug|Any CPU.Build.0 = Debug|Any CPU
		{0C214F55-2359-49DC-B8E1-22265503A4A1}.Release|Any CPU.ActiveCfg = Release|Any CPU
		{0C214F55-2359-49DC-B8E1-22265503A4A1}.Release|Any CPU.Build.0 = Release|Any CPU
		{1BDBB502-C5B0-4E4C-9BCE-4E912759A719}.Debug|Any CPU.ActiveCfg = Debug|Any CPU
		{1BDBB502-C5B0-4E4C-9BCE-4E912759A719}.Debug|Any CPU.Build.0 = Debug|Any CPU
		{1BDBB502-C5B0-4E4C-9BCE-4E912759A719}.Release|Any CPU.ActiveCfg = Release|Any CPU
		{1BDBB502-C5B0-4E4C-9BCE-4E912759A719}.Release|Any CPU.Build.0 = Release|Any CPU
		{66CC79E2-8AE0-4B05-A78C-E6028ED32AC6}.Debug|Any CPU.ActiveCfg = Debug|Any CPU
		{66CC79E2-8AE0-4B05-A78C-E6028ED32AC6}.Debug|Any CPU.Build.0 = Debug|Any CPU
		{66CC79E2-8AE0-4B05-A78C-E6028ED32AC6}.Release|Any CPU.ActiveCfg = Release|Any CPU
		{66CC79E2-8AE0-4B05-A78C-E6028ED32AC6}.Release|Any CPU.Build.0 = Release|Any CPU
		{26E4701B-CE7C-40E2-B629-5B78147D1496}.Debug|Any CPU.ActiveCfg = Debug|Any CPU
		{26E4701B-CE7C-40E2-B629-5B78147D1496}.Debug|Any CPU.Build.0 = Debug|Any CPU
		{26E4701B-CE7C-40E2-B629-5B78147D1496}.Release|Any CPU.ActiveCfg = Release|Any CPU
		{26E4701B-CE7C-40E2-B629-5B78147D1496}.Release|Any CPU.Build.0 = Release|Any CPU
		{FC299832-8340-4935-9423-04EC47802309}.Debug|Any CPU.ActiveCfg = Debug|Any CPU
		{FC299832-8340-4935-9423-04EC47802309}.Debug|Any CPU.Build.0 = Debug|Any CPU
		{FC299832-8340-4935-9423-04EC47802309}.Release|Any CPU.ActiveCfg = Release|Any CPU
		{FC299832-8340-4935-9423-04EC47802309}.Release|Any CPU.Build.0 = Release|Any CPU
		{3763E853-C67C-4321-AC92-15AAB5550F1C}.Debug|Any CPU.ActiveCfg = Debug|Any CPU
		{3763E853-C67C-4321-AC92-15AAB5550F1C}.Debug|Any CPU.Build.0 = Debug|Any CPU
		{3763E853-C67C-4321-AC92-15AAB5550F1C}.Release|Any CPU.ActiveCfg = Release|Any CPU
		{3763E853-C67C-4321-AC92-15AAB5550F1C}.Release|Any CPU.Build.0 = Release|Any CPU
	EndGlobalSection
	GlobalSection(SolutionProperties) = preSolution
		HideSolutionNode = FALSE
	EndGlobalSection
	GlobalSection(NestedProjects) = preSolution
		{0C214F55-2359-49DC-B8E1-22265503A4A1} = {4DEAA6D7-3501-42C5-8028-A641C091F9DA}
		{1BDBB502-C5B0-4E4C-9BCE-4E912759A719} = {CEF01DD6-C70C-4BBF-A27E-E51F1B945D26}
		{66CC79E2-8AE0-4B05-A78C-E6028ED32AC6} = {4BB61E96-283D-4CDA-B500-41B82479D0A7}
		{26E4701B-CE7C-40E2-B629-5B78147D1496} = {B9FCC218-EFF3-4487-BC6C-C3F84D7AB538}
		{FC299832-8340-4935-9423-04EC47802309} = {828D275D-910A-4372-9791-E42D526EDB88}
		{3763E853-C67C-4321-AC92-15AAB5550F1C} = {4F66395D-9BF4-411F-8A67-02B10CEFAD65}
	EndGlobalSection
	GlobalSection(ExtensibilityGlobals) = postSolution
		SolutionGuid = {5E3C5BD8-12FE-4922-9606-FDDD70B3D42F}
	EndGlobalSection
EndGlobal
