
Microsoft Visual Studio Solution File, Format Version 12.00
# Visual Studio 15
VisualStudioVersion = 15.0.28010.2036
MinimumVisualStudioVersion = 10.0.40219.1
Project("{FAE04EC0-301F-11D3-BF4B-00C04F79EFBC}") = "Exercicio01", "Exercicio01\Exercicio01.csproj", "{E57CAFA4-A865-4519-A6E9-4F21E09C2186}"
EndProject
Project("{FAE04EC0-301F-11D3-BF4B-00C04F79EFBC}") = "Exercicio02", "Exercicio02\Exercicio02.csproj", "{DF27D259-A9A3-4FD0-A238-80B82C4E565F}"
EndProject
Project("{FAE04EC0-301F-11D3-BF4B-00C04F79EFBC}") = "Exercicio03", "Exercicio03\Exercicio03.csproj", "{EED0440A-17C9-426F-B5D2-29180FCB386F}"
EndProject
Project("{FAE04EC0-301F-11D3-BF4B-00C04F79EFBC}") = "Exercicio04", "Exercicio04\Exercicio04.csproj", "{A19DA08C-6E06-43CC-A040-F198FFC75FD9}"
EndProject
Global
	GlobalSection(SolutionConfigurationPlatforms) = preSolution
		Debug|Any CPU = Debug|Any CPU
		Release|Any CPU = Release|Any CPU
	EndGlobalSection
	GlobalSection(ProjectConfigurationPlatforms) = postSolution
		{E57CAFA4-A865-4519-A6E9-4F21E09C2186}.Debug|Any CPU.ActiveCfg = Debug|Any CPU
		{E57CAFA4-A865-4519-A6E9-4F21E09C2186}.Debug|Any CPU.Build.0 = Debug|Any CPU
		{E57CAFA4-A865-4519-A6E9-4F21E09C2186}.Release|Any CPU.ActiveCfg = Release|Any CPU
		{E57CAFA4-A865-4519-A6E9-4F21E09C2186}.Release|Any CPU.Build.0 = Release|Any CPU
		{DF27D259-A9A3-4FD0-A238-80B82C4E565F}.Debug|Any CPU.ActiveCfg = Debug|Any CPU
		{DF27D259-A9A3-4FD0-A238-80B82C4E565F}.Debug|Any CPU.Build.0 = Debug|Any CPU
		{DF27D259-A9A3-4FD0-A238-80B82C4E565F}.Release|Any CPU.ActiveCfg = Release|Any CPU
		{DF27D259-A9A3-4FD0-A238-80B82C4E565F}.Release|Any CPU.Build.0 = Release|Any CPU
		{EED0440A-17C9-426F-B5D2-29180FCB386F}.Debug|Any CPU.ActiveCfg = Debug|Any CPU
		{EED0440A-17C9-426F-B5D2-29180FCB386F}.Debug|Any CPU.Build.0 = Debug|Any CPU
		{EED0440A-17C9-426F-B5D2-29180FCB386F}.Release|Any CPU.ActiveCfg = Release|Any CPU
		{EED0440A-17C9-426F-B5D2-29180FCB386F}.Release|Any CPU.Build.0 = Release|Any CPU
		{A19DA08C-6E06-43CC-A040-F198FFC75FD9}.Debug|Any CPU.ActiveCfg = Debug|Any CPU
		{A19DA08C-6E06-43CC-A040-F198FFC75FD9}.Debug|Any CPU.Build.0 = Debug|Any CPU
		{A19DA08C-6E06-43CC-A040-F198FFC75FD9}.Release|Any CPU.ActiveCfg = Release|Any CPU
		{A19DA08C-6E06-43CC-A040-F198FFC75FD9}.Release|Any CPU.Build.0 = Release|Any CPU
	EndGlobalSection
	GlobalSection(SolutionProperties) = preSolution
		HideSolutionNode = FALSE
	EndGlobalSection
	GlobalSection(ExtensibilityGlobals) = postSolution
		SolutionGuid = {43FD7D65-D71E-4A4B-8B8D-8E088A16182D}
	EndGlobalSection
EndGlobal
