
Microsoft Visual Studio Solution File, Format Version 12.00
# Visual Studio 15
VisualStudioVersion = 15.0.27703.2035
MinimumVisualStudioVersion = 10.0.40219.1
Project("{FAE04EC0-301F-11D3-BF4B-00C04F79EFBC}") = "ConsoleApp1", "ConsoleApp1\ConsoleApp1.csproj", "{09BEBB3E-88EB-441E-978E-C8B7985FACD2}"
EndProject
Project("{FAE04EC0-301F-11D3-BF4B-00C04F79EFBC}") = "Exercicio01", "Exercicio01\Exercicio01.csproj", "{F48C3D98-D928-4DA5-B420-989274D06F8A}"
EndProject
Project("{FAE04EC0-301F-11D3-BF4B-00C04F79EFBC}") = "Exercicio02", "Exercicio02\Exercicio02.csproj", "{42332760-8FB0-4067-A69A-2D0EFFB223BF}"
EndProject
Project("{FAE04EC0-301F-11D3-BF4B-00C04F79EFBC}") = "Exercicio03", "Exercicio03\Exercicio03.csproj", "{EA1F15F0-3206-4F4C-8A44-5F97F0D51AF9}"
EndProject
Project("{FAE04EC0-301F-11D3-BF4B-00C04F79EFBC}") = "Exercicio04", "Exercicio04\Exercicio04.csproj", "{573431D7-3D52-42DA-9471-02D00175F9EC}"
EndProject
Global
	GlobalSection(SolutionConfigurationPlatforms) = preSolution
		Debug|Any CPU = Debug|Any CPU
		Release|Any CPU = Release|Any CPU
	EndGlobalSection
	GlobalSection(ProjectConfigurationPlatforms) = postSolution
		{09BEBB3E-88EB-441E-978E-C8B7985FACD2}.Debug|Any CPU.ActiveCfg = Debug|Any CPU
		{09BEBB3E-88EB-441E-978E-C8B7985FACD2}.Debug|Any CPU.Build.0 = Debug|Any CPU
		{09BEBB3E-88EB-441E-978E-C8B7985FACD2}.Release|Any CPU.ActiveCfg = Release|Any CPU
		{09BEBB3E-88EB-441E-978E-C8B7985FACD2}.Release|Any CPU.Build.0 = Release|Any CPU
		{F48C3D98-D928-4DA5-B420-989274D06F8A}.Debug|Any CPU.ActiveCfg = Debug|Any CPU
		{F48C3D98-D928-4DA5-B420-989274D06F8A}.Debug|Any CPU.Build.0 = Debug|Any CPU
		{F48C3D98-D928-4DA5-B420-989274D06F8A}.Release|Any CPU.ActiveCfg = Release|Any CPU
		{F48C3D98-D928-4DA5-B420-989274D06F8A}.Release|Any CPU.Build.0 = Release|Any CPU
		{42332760-8FB0-4067-A69A-2D0EFFB223BF}.Debug|Any CPU.ActiveCfg = Debug|Any CPU
		{42332760-8FB0-4067-A69A-2D0EFFB223BF}.Debug|Any CPU.Build.0 = Debug|Any CPU
		{42332760-8FB0-4067-A69A-2D0EFFB223BF}.Release|Any CPU.ActiveCfg = Release|Any CPU
		{42332760-8FB0-4067-A69A-2D0EFFB223BF}.Release|Any CPU.Build.0 = Release|Any CPU
		{EA1F15F0-3206-4F4C-8A44-5F97F0D51AF9}.Debug|Any CPU.ActiveCfg = Debug|Any CPU
		{EA1F15F0-3206-4F4C-8A44-5F97F0D51AF9}.Debug|Any CPU.Build.0 = Debug|Any CPU
		{EA1F15F0-3206-4F4C-8A44-5F97F0D51AF9}.Release|Any CPU.ActiveCfg = Release|Any CPU
		{EA1F15F0-3206-4F4C-8A44-5F97F0D51AF9}.Release|Any CPU.Build.0 = Release|Any CPU
		{573431D7-3D52-42DA-9471-02D00175F9EC}.Debug|Any CPU.ActiveCfg = Debug|Any CPU
		{573431D7-3D52-42DA-9471-02D00175F9EC}.Debug|Any CPU.Build.0 = Debug|Any CPU
		{573431D7-3D52-42DA-9471-02D00175F9EC}.Release|Any CPU.ActiveCfg = Release|Any CPU
		{573431D7-3D52-42DA-9471-02D00175F9EC}.Release|Any CPU.Build.0 = Release|Any CPU
	EndGlobalSection
	GlobalSection(SolutionProperties) = preSolution
		HideSolutionNode = FALSE
	EndGlobalSection
	GlobalSection(ExtensibilityGlobals) = postSolution
		SolutionGuid = {2B0D7ADA-0A43-4394-AD4F-97181C62D9D7}
	EndGlobalSection
EndGlobal
