
Microsoft Visual Studio Solution File, Format Version 12.00
# Visual Studio 15
VisualStudioVersion = 15.0.28010.2046
MinimumVisualStudioVersion = 10.0.40219.1
Project("{FAE04EC0-301F-11D3-BF4B-00C04F79EFBC}") = "Aula", "Aula\Aula.csproj", "{868BF7A7-0BBF-41B7-950D-5241F2B9517E}"
EndProject
Project("{FAE04EC0-301F-11D3-BF4B-00C04F79EFBC}") = "Exercicio01", "Exercicio01\Exercicio01.csproj", "{AECD7E8E-0E47-4552-9880-94C765942C9A}"
EndProject
Project("{FAE04EC0-301F-11D3-BF4B-00C04F79EFBC}") = "Exercicio02", "Exercicio02\Exercicio02.csproj", "{317DE258-9E93-45C1-87F0-AB6C4F5378A0}"
EndProject
Project("{FAE04EC0-301F-11D3-BF4B-00C04F79EFBC}") = "Exercicio03", "Exercicio03\Exercicio03.csproj", "{B8103EF3-8618-4994-8221-CC5B8F666EE0}"
EndProject
Project("{FAE04EC0-301F-11D3-BF4B-00C04F79EFBC}") = "Exercicio04", "Exercicio04\Exercicio04.csproj", "{AF7F5370-CFDB-4A52-835C-B435D6D28B9C}"
EndProject
Global
	GlobalSection(SolutionConfigurationPlatforms) = preSolution
		Debug|Any CPU = Debug|Any CPU
		Release|Any CPU = Release|Any CPU
	EndGlobalSection
	GlobalSection(ProjectConfigurationPlatforms) = postSolution
		{868BF7A7-0BBF-41B7-950D-5241F2B9517E}.Debug|Any CPU.ActiveCfg = Debug|Any CPU
		{868BF7A7-0BBF-41B7-950D-5241F2B9517E}.Debug|Any CPU.Build.0 = Debug|Any CPU
		{868BF7A7-0BBF-41B7-950D-5241F2B9517E}.Release|Any CPU.ActiveCfg = Release|Any CPU
		{868BF7A7-0BBF-41B7-950D-5241F2B9517E}.Release|Any CPU.Build.0 = Release|Any CPU
		{AECD7E8E-0E47-4552-9880-94C765942C9A}.Debug|Any CPU.ActiveCfg = Debug|Any CPU
		{AECD7E8E-0E47-4552-9880-94C765942C9A}.Debug|Any CPU.Build.0 = Debug|Any CPU
		{AECD7E8E-0E47-4552-9880-94C765942C9A}.Release|Any CPU.ActiveCfg = Release|Any CPU
		{AECD7E8E-0E47-4552-9880-94C765942C9A}.Release|Any CPU.Build.0 = Release|Any CPU
		{317DE258-9E93-45C1-87F0-AB6C4F5378A0}.Debug|Any CPU.ActiveCfg = Debug|Any CPU
		{317DE258-9E93-45C1-87F0-AB6C4F5378A0}.Debug|Any CPU.Build.0 = Debug|Any CPU
		{317DE258-9E93-45C1-87F0-AB6C4F5378A0}.Release|Any CPU.ActiveCfg = Release|Any CPU
		{317DE258-9E93-45C1-87F0-AB6C4F5378A0}.Release|Any CPU.Build.0 = Release|Any CPU
		{B8103EF3-8618-4994-8221-CC5B8F666EE0}.Debug|Any CPU.ActiveCfg = Debug|Any CPU
		{B8103EF3-8618-4994-8221-CC5B8F666EE0}.Debug|Any CPU.Build.0 = Debug|Any CPU
		{B8103EF3-8618-4994-8221-CC5B8F666EE0}.Release|Any CPU.ActiveCfg = Release|Any CPU
		{B8103EF3-8618-4994-8221-CC5B8F666EE0}.Release|Any CPU.Build.0 = Release|Any CPU
		{AF7F5370-CFDB-4A52-835C-B435D6D28B9C}.Debug|Any CPU.ActiveCfg = Debug|Any CPU
		{AF7F5370-CFDB-4A52-835C-B435D6D28B9C}.Debug|Any CPU.Build.0 = Debug|Any CPU
		{AF7F5370-CFDB-4A52-835C-B435D6D28B9C}.Release|Any CPU.ActiveCfg = Release|Any CPU
		{AF7F5370-CFDB-4A52-835C-B435D6D28B9C}.Release|Any CPU.Build.0 = Release|Any CPU
	EndGlobalSection
	GlobalSection(SolutionProperties) = preSolution
		HideSolutionNode = FALSE
	EndGlobalSection
	GlobalSection(ExtensibilityGlobals) = postSolution
		SolutionGuid = {F7353C4A-E74B-486B-92AE-DE97D5C66CD3}
	EndGlobalSection
EndGlobal
