
Microsoft Visual Studio Solution File, Format Version 12.00
# Visual Studio 15
VisualStudioVersion = 15.0.27004.2009
MinimumVisualStudioVersion = 10.0.40219.1
Project("{FAE04EC0-301F-11D3-BF4B-00C04F79EFBC}") = "Exemplo1", "Exemplo1\Exemplo1.csproj", "{DF8D31B6-5C9A-413E-81A5-63C06B689CF2}"
EndProject
Project("{FAE04EC0-301F-11D3-BF4B-00C04F79EFBC}") = "Exemplo2", "Exemplo2\Exemplo2.csproj", "{7EE18771-A18B-4FC4-8B04-A7CA5F0DB4C0}"
EndProject
Project("{FAE04EC0-301F-11D3-BF4B-00C04F79EFBC}") = "Exercicio1", "Exercicio1\Exercicio1.csproj", "{1A5A9806-82EC-4C76-AA08-F0225E8E2883}"
EndProject
Project("{FAE04EC0-301F-11D3-BF4B-00C04F79EFBC}") = "Exercicio2", "Exercicio2\Exercicio2.csproj", "{675F324A-70E7-41FC-9AC9-81FBAE2553A9}"
EndProject
Global
	GlobalSection(SolutionConfigurationPlatforms) = preSolution
		Debug|Any CPU = Debug|Any CPU
		Release|Any CPU = Release|Any CPU
	EndGlobalSection
	GlobalSection(ProjectConfigurationPlatforms) = postSolution
		{DF8D31B6-5C9A-413E-81A5-63C06B689CF2}.Debug|Any CPU.ActiveCfg = Debug|Any CPU
		{DF8D31B6-5C9A-413E-81A5-63C06B689CF2}.Debug|Any CPU.Build.0 = Debug|Any CPU
		{DF8D31B6-5C9A-413E-81A5-63C06B689CF2}.Release|Any CPU.ActiveCfg = Release|Any CPU
		{DF8D31B6-5C9A-413E-81A5-63C06B689CF2}.Release|Any CPU.Build.0 = Release|Any CPU
		{7EE18771-A18B-4FC4-8B04-A7CA5F0DB4C0}.Debug|Any CPU.ActiveCfg = Debug|Any CPU
		{7EE18771-A18B-4FC4-8B04-A7CA5F0DB4C0}.Debug|Any CPU.Build.0 = Debug|Any CPU
		{7EE18771-A18B-4FC4-8B04-A7CA5F0DB4C0}.Release|Any CPU.ActiveCfg = Release|Any CPU
		{7EE18771-A18B-4FC4-8B04-A7CA5F0DB4C0}.Release|Any CPU.Build.0 = Release|Any CPU
		{1A5A9806-82EC-4C76-AA08-F0225E8E2883}.Debug|Any CPU.ActiveCfg = Debug|Any CPU
		{1A5A9806-82EC-4C76-AA08-F0225E8E2883}.Debug|Any CPU.Build.0 = Debug|Any CPU
		{1A5A9806-82EC-4C76-AA08-F0225E8E2883}.Release|Any CPU.ActiveCfg = Release|Any CPU
		{1A5A9806-82EC-4C76-AA08-F0225E8E2883}.Release|Any CPU.Build.0 = Release|Any CPU
		{675F324A-70E7-41FC-9AC9-81FBAE2553A9}.Debug|Any CPU.ActiveCfg = Debug|Any CPU
		{675F324A-70E7-41FC-9AC9-81FBAE2553A9}.Debug|Any CPU.Build.0 = Debug|Any CPU
		{675F324A-70E7-41FC-9AC9-81FBAE2553A9}.Release|Any CPU.ActiveCfg = Release|Any CPU
		{675F324A-70E7-41FC-9AC9-81FBAE2553A9}.Release|Any CPU.Build.0 = Release|Any CPU
	EndGlobalSection
	GlobalSection(SolutionProperties) = preSolution
		HideSolutionNode = FALSE
	EndGlobalSection
	GlobalSection(ExtensibilityGlobals) = postSolution
		SolutionGuid = {7138BC6C-23EA-4C2F-BB9B-A21B0E059029}
	EndGlobalSection
EndGlobal
