
Microsoft Visual Studio Solution File, Format Version 12.00
# Visual Studio 15
VisualStudioVersion = 15.0.28010.2036
MinimumVisualStudioVersion = 10.0.40219.1
Project("{FAE04EC0-301F-11D3-BF4B-00C04F79EFBC}") = "ExemploManipulacaoString", "ExemploManipulacaoString\ExemploManipulacaoString.csproj", "{4CD30466-3706-4E9F-B68A-D660F10DA942}"
EndProject
Project("{FAE04EC0-301F-11D3-BF4B-00C04F79EFBC}") = "SistemaPassaporteEx01", "SistemaPassaporteEx01\SistemaPassaporteEx01.csproj", "{C0F8F7CC-947A-4880-9681-1E0AB9DC9465}"
EndProject
Project("{FAE04EC0-301F-11D3-BF4B-00C04F79EFBC}") = "EnderecoEx02", "EnderecoEx02\EnderecoEx02.csproj", "{9BD185B4-C70A-4F60-B518-FB7310A419E5}"
EndProject
Project("{FAE04EC0-301F-11D3-BF4B-00C04F79EFBC}") = "Exercicio05", "Exercicio05\Exercicio05.csproj", "{B36A7A14-F6A8-46E4-AC9E-A0E463A509B2}"
EndProject
Global
	GlobalSection(SolutionConfigurationPlatforms) = preSolution
		Debug|Any CPU = Debug|Any CPU
		Release|Any CPU = Release|Any CPU
	EndGlobalSection
	GlobalSection(ProjectConfigurationPlatforms) = postSolution
		{4CD30466-3706-4E9F-B68A-D660F10DA942}.Debug|Any CPU.ActiveCfg = Debug|Any CPU
		{4CD30466-3706-4E9F-B68A-D660F10DA942}.Debug|Any CPU.Build.0 = Debug|Any CPU
		{4CD30466-3706-4E9F-B68A-D660F10DA942}.Release|Any CPU.ActiveCfg = Release|Any CPU
		{4CD30466-3706-4E9F-B68A-D660F10DA942}.Release|Any CPU.Build.0 = Release|Any CPU
		{C0F8F7CC-947A-4880-9681-1E0AB9DC9465}.Debug|Any CPU.ActiveCfg = Debug|Any CPU
		{C0F8F7CC-947A-4880-9681-1E0AB9DC9465}.Debug|Any CPU.Build.0 = Debug|Any CPU
		{C0F8F7CC-947A-4880-9681-1E0AB9DC9465}.Release|Any CPU.ActiveCfg = Release|Any CPU
		{C0F8F7CC-947A-4880-9681-1E0AB9DC9465}.Release|Any CPU.Build.0 = Release|Any CPU
		{9BD185B4-C70A-4F60-B518-FB7310A419E5}.Debug|Any CPU.ActiveCfg = Debug|Any CPU
		{9BD185B4-C70A-4F60-B518-FB7310A419E5}.Debug|Any CPU.Build.0 = Debug|Any CPU
		{9BD185B4-C70A-4F60-B518-FB7310A419E5}.Release|Any CPU.ActiveCfg = Release|Any CPU
		{9BD185B4-C70A-4F60-B518-FB7310A419E5}.Release|Any CPU.Build.0 = Release|Any CPU
		{B36A7A14-F6A8-46E4-AC9E-A0E463A509B2}.Debug|Any CPU.ActiveCfg = Debug|Any CPU
		{B36A7A14-F6A8-46E4-AC9E-A0E463A509B2}.Debug|Any CPU.Build.0 = Debug|Any CPU
		{B36A7A14-F6A8-46E4-AC9E-A0E463A509B2}.Release|Any CPU.ActiveCfg = Release|Any CPU
		{B36A7A14-F6A8-46E4-AC9E-A0E463A509B2}.Release|Any CPU.Build.0 = Release|Any CPU
	EndGlobalSection
	GlobalSection(SolutionProperties) = preSolution
		HideSolutionNode = FALSE
	EndGlobalSection
	GlobalSection(ExtensibilityGlobals) = postSolution
		SolutionGuid = {E4ABC1CC-AA02-4AF2-9A4D-6F19E6216449}
	EndGlobalSection
EndGlobal
