
Microsoft Visual Studio Solution File, Format Version 12.00
# Visual Studio 15
VisualStudioVersion = 15.0.28010.2046
MinimumVisualStudioVersion = 10.0.40219.1
Project("{FAE04EC0-301F-11D3-BF4B-00C04F79EFBC}") = "TheosBiblioteca.ConsoleApp", "TheosBiblioteca\TheosBiblioteca.ConsoleApp.csproj", "{0958C99E-6BA3-4CB6-95B0-334C1CB332E4}"
EndProject
Project("{FAE04EC0-301F-11D3-BF4B-00C04F79EFBC}") = "TheosBiblioteca.Dominio", "TheosBiblioteca.Dominio\TheosBiblioteca.Dominio.csproj", "{54BACDD6-7312-4559-A0F2-EB6CA5C12F18}"
EndProject
Project("{FAE04EC0-301F-11D3-BF4B-00C04F79EFBC}") = "TheosBiblioteca.Comum", "TheosBiblioteca.Comum\TheosBiblioteca.Comum.csproj", "{84A4B962-1B31-4544-A3C3-EEBB4D422B9B}"
EndProject
Project("{2150E333-8FDC-42A3-9474-1A3956D46DE8}") = "01 - ConsoleApp", "01 - ConsoleApp", "{C3ABB1A1-814F-4B0B-B2C5-70C2B635CA36}"
EndProject
Project("{2150E333-8FDC-42A3-9474-1A3956D46DE8}") = "02 - Dominio", "02 - Dominio", "{B16541F3-BC84-4C24-BE0D-A90017BFE9CA}"
EndProject
Project("{2150E333-8FDC-42A3-9474-1A3956D46DE8}") = "03 - Comum", "03 - Comum", "{1C4F5EA6-3516-4FC5-B429-57491D49A7C6}"
EndProject
Global
	GlobalSection(SolutionConfigurationPlatforms) = preSolution
		Debug|Any CPU = Debug|Any CPU
		Release|Any CPU = Release|Any CPU
	EndGlobalSection
	GlobalSection(ProjectConfigurationPlatforms) = postSolution
		{0958C99E-6BA3-4CB6-95B0-334C1CB332E4}.Debug|Any CPU.ActiveCfg = Debug|Any CPU
		{0958C99E-6BA3-4CB6-95B0-334C1CB332E4}.Debug|Any CPU.Build.0 = Debug|Any CPU
		{0958C99E-6BA3-4CB6-95B0-334C1CB332E4}.Release|Any CPU.ActiveCfg = Release|Any CPU
		{0958C99E-6BA3-4CB6-95B0-334C1CB332E4}.Release|Any CPU.Build.0 = Release|Any CPU
		{54BACDD6-7312-4559-A0F2-EB6CA5C12F18}.Debug|Any CPU.ActiveCfg = Debug|Any CPU
		{54BACDD6-7312-4559-A0F2-EB6CA5C12F18}.Debug|Any CPU.Build.0 = Debug|Any CPU
		{54BACDD6-7312-4559-A0F2-EB6CA5C12F18}.Release|Any CPU.ActiveCfg = Release|Any CPU
		{54BACDD6-7312-4559-A0F2-EB6CA5C12F18}.Release|Any CPU.Build.0 = Release|Any CPU
		{84A4B962-1B31-4544-A3C3-EEBB4D422B9B}.Debug|Any CPU.ActiveCfg = Debug|Any CPU
		{84A4B962-1B31-4544-A3C3-EEBB4D422B9B}.Debug|Any CPU.Build.0 = Debug|Any CPU
		{84A4B962-1B31-4544-A3C3-EEBB4D422B9B}.Release|Any CPU.ActiveCfg = Release|Any CPU
		{84A4B962-1B31-4544-A3C3-EEBB4D422B9B}.Release|Any CPU.Build.0 = Release|Any CPU
	EndGlobalSection
	GlobalSection(SolutionProperties) = preSolution
		HideSolutionNode = FALSE
	EndGlobalSection
	GlobalSection(NestedProjects) = preSolution
		{0958C99E-6BA3-4CB6-95B0-334C1CB332E4} = {C3ABB1A1-814F-4B0B-B2C5-70C2B635CA36}
		{54BACDD6-7312-4559-A0F2-EB6CA5C12F18} = {B16541F3-BC84-4C24-BE0D-A90017BFE9CA}
		{84A4B962-1B31-4544-A3C3-EEBB4D422B9B} = {1C4F5EA6-3516-4FC5-B429-57491D49A7C6}
	EndGlobalSection
	GlobalSection(ExtensibilityGlobals) = postSolution
		SolutionGuid = {0628A88E-9F7F-4E2D-B3A0-09BC0B9D7473}
	EndGlobalSection
EndGlobal
