
Microsoft Visual Studio Solution File, Format Version 12.00
# Visual Studio 15
VisualStudioVersion = 15.0.28010.2048
MinimumVisualStudioVersion = 10.0.40219.1
Project("{FAE04EC0-301F-11D3-BF4B-00C04F79EFBC}") = "Theos.Biblioteca.Console", "Theos.Biblioteca.Console\Theos.Biblioteca.Console.csproj", "{15779653-6484-47E5-9E3D-0B559635B779}"
EndProject
Project("{FAE04EC0-301F-11D3-BF4B-00C04F79EFBC}") = "Theos.Biblioteca.Dominio", "Theos.Biblioteca.Dominio\Theos.Biblioteca.Dominio.csproj", "{DCC873BF-9590-4597-AF69-895C6F60F33D}"
EndProject
Global
	GlobalSection(SolutionConfigurationPlatforms) = preSolution
		Debug|Any CPU = Debug|Any CPU
		Release|Any CPU = Release|Any CPU
	EndGlobalSection
	GlobalSection(ProjectConfigurationPlatforms) = postSolution
		{15779653-6484-47E5-9E3D-0B559635B779}.Debug|Any CPU.ActiveCfg = Debug|Any CPU
		{15779653-6484-47E5-9E3D-0B559635B779}.Debug|Any CPU.Build.0 = Debug|Any CPU
		{15779653-6484-47E5-9E3D-0B559635B779}.Release|Any CPU.ActiveCfg = Release|Any CPU
		{15779653-6484-47E5-9E3D-0B559635B779}.Release|Any CPU.Build.0 = Release|Any CPU
		{DCC873BF-9590-4597-AF69-895C6F60F33D}.Debug|Any CPU.ActiveCfg = Debug|Any CPU
		{DCC873BF-9590-4597-AF69-895C6F60F33D}.Debug|Any CPU.Build.0 = Debug|Any CPU
		{DCC873BF-9590-4597-AF69-895C6F60F33D}.Release|Any CPU.ActiveCfg = Release|Any CPU
		{DCC873BF-9590-4597-AF69-895C6F60F33D}.Release|Any CPU.Build.0 = Release|Any CPU
	EndGlobalSection
	GlobalSection(SolutionProperties) = preSolution
		HideSolutionNode = FALSE
	EndGlobalSection
	GlobalSection(ExtensibilityGlobals) = postSolution
		SolutionGuid = {03A1D505-8209-4E08-A06C-B7B7370F7B37}
	EndGlobalSection
EndGlobal
