
Microsoft Visual Studio Solution File, Format Version 12.00
# Visual Studio 15
VisualStudioVersion = 15.0.28010.2036
MinimumVisualStudioVersion = 10.0.40219.1
Project("{FAE04EC0-301F-11D3-BF4B-00C04F79EFBC}") = "Exemplo01", "Exercicio01\Exemplo01.csproj", "{EE15DA32-1A5A-40C3-9166-25E21472596A}"
EndProject
Project("{FAE04EC0-301F-11D3-BF4B-00C04F79EFBC}") = "Exemplo02", "Exercicio02\Exemplo02.csproj", "{980A69AA-581E-4633-A426-F1AE26E3542C}"
EndProject
Project("{FAE04EC0-301F-11D3-BF4B-00C04F79EFBC}") = "Exercicio01-Final", "Exercicio01-Final\Exercicio01-Final.csproj", "{D3E82634-631F-4A3A-A613-7ADC9D78FD83}"
EndProject
Project("{FAE04EC0-301F-11D3-BF4B-00C04F79EFBC}") = "Exercicio02-Final", "Exercicio02-Final\Exercicio02-Final.csproj", "{DD608F92-C80E-451F-8D72-555E089409B8}"
EndProject
Global
	GlobalSection(SolutionConfigurationPlatforms) = preSolution
		Debug|Any CPU = Debug|Any CPU
		Release|Any CPU = Release|Any CPU
	EndGlobalSection
	GlobalSection(ProjectConfigurationPlatforms) = postSolution
		{EE15DA32-1A5A-40C3-9166-25E21472596A}.Debug|Any CPU.ActiveCfg = Debug|Any CPU
		{EE15DA32-1A5A-40C3-9166-25E21472596A}.Debug|Any CPU.Build.0 = Debug|Any CPU
		{EE15DA32-1A5A-40C3-9166-25E21472596A}.Release|Any CPU.ActiveCfg = Release|Any CPU
		{EE15DA32-1A5A-40C3-9166-25E21472596A}.Release|Any CPU.Build.0 = Release|Any CPU
		{980A69AA-581E-4633-A426-F1AE26E3542C}.Debug|Any CPU.ActiveCfg = Debug|Any CPU
		{980A69AA-581E-4633-A426-F1AE26E3542C}.Debug|Any CPU.Build.0 = Debug|Any CPU
		{980A69AA-581E-4633-A426-F1AE26E3542C}.Release|Any CPU.ActiveCfg = Release|Any CPU
		{980A69AA-581E-4633-A426-F1AE26E3542C}.Release|Any CPU.Build.0 = Release|Any CPU
		{D3E82634-631F-4A3A-A613-7ADC9D78FD83}.Debug|Any CPU.ActiveCfg = Debug|Any CPU
		{D3E82634-631F-4A3A-A613-7ADC9D78FD83}.Debug|Any CPU.Build.0 = Debug|Any CPU
		{D3E82634-631F-4A3A-A613-7ADC9D78FD83}.Release|Any CPU.ActiveCfg = Release|Any CPU
		{D3E82634-631F-4A3A-A613-7ADC9D78FD83}.Release|Any CPU.Build.0 = Release|Any CPU
		{DD608F92-C80E-451F-8D72-555E089409B8}.Debug|Any CPU.ActiveCfg = Debug|Any CPU
		{DD608F92-C80E-451F-8D72-555E089409B8}.Debug|Any CPU.Build.0 = Debug|Any CPU
		{DD608F92-C80E-451F-8D72-555E089409B8}.Release|Any CPU.ActiveCfg = Release|Any CPU
		{DD608F92-C80E-451F-8D72-555E089409B8}.Release|Any CPU.Build.0 = Release|Any CPU
	EndGlobalSection
	GlobalSection(SolutionProperties) = preSolution
		HideSolutionNode = FALSE
	EndGlobalSection
	GlobalSection(ExtensibilityGlobals) = postSolution
		SolutionGuid = {9E5C19F9-F753-4F7B-96A9-C69114538C7A}
	EndGlobalSection
EndGlobal
