
Microsoft Visual Studio Solution File, Format Version 12.00
# Visual Studio 15
VisualStudioVersion = 15.0.27703.2047
MinimumVisualStudioVersion = 10.0.40219.1
Project("{FAE04EC0-301F-11D3-BF4B-00C04F79EFBC}") = "Exercicio01", "Exercicio01\Exercicio01.csproj", "{8FF19968-1280-4F01-8337-56BDFE4519ED}"
EndProject
Project("{FAE04EC0-301F-11D3-BF4B-00C04F79EFBC}") = "Exercicio02", "Exercicio02\Exercicio02.csproj", "{6E66891B-C7E2-4BA2-BD0E-47281816B650}"
EndProject
Global
	GlobalSection(SolutionConfigurationPlatforms) = preSolution
		Debug|Any CPU = Debug|Any CPU
		Release|Any CPU = Release|Any CPU
	EndGlobalSection
	GlobalSection(ProjectConfigurationPlatforms) = postSolution
		{8FF19968-1280-4F01-8337-56BDFE4519ED}.Debug|Any CPU.ActiveCfg = Debug|Any CPU
		{8FF19968-1280-4F01-8337-56BDFE4519ED}.Debug|Any CPU.Build.0 = Debug|Any CPU
		{8FF19968-1280-4F01-8337-56BDFE4519ED}.Release|Any CPU.ActiveCfg = Release|Any CPU
		{8FF19968-1280-4F01-8337-56BDFE4519ED}.Release|Any CPU.Build.0 = Release|Any CPU
		{6E66891B-C7E2-4BA2-BD0E-47281816B650}.Debug|Any CPU.ActiveCfg = Debug|Any CPU
		{6E66891B-C7E2-4BA2-BD0E-47281816B650}.Debug|Any CPU.Build.0 = Debug|Any CPU
		{6E66891B-C7E2-4BA2-BD0E-47281816B650}.Release|Any CPU.ActiveCfg = Release|Any CPU
		{6E66891B-C7E2-4BA2-BD0E-47281816B650}.Release|Any CPU.Build.0 = Release|Any CPU
	EndGlobalSection
	GlobalSection(SolutionProperties) = preSolution
		HideSolutionNode = FALSE
	EndGlobalSection
	GlobalSection(ExtensibilityGlobals) = postSolution
		SolutionGuid = {8C13BC79-7BDB-4327-8613-D95F7F6A862D}
	EndGlobalSection
EndGlobal
