
Microsoft Visual Studio Solution File, Format Version 12.00
# Visual Studio 15
VisualStudioVersion = 15.0.28010.2026
MinimumVisualStudioVersion = 10.0.40219.1
Project("{FAE04EC0-301F-11D3-BF4B-00C04F79EFBC}") = "UaiQueijos.ConsoleApp", "UaiQueijos.ConsoleApp\UaiQueijos.ConsoleApp.csproj", "{AB0A5D53-6234-4522-ABE1-A214D7A6547D}"
EndProject
Project("{FAE04EC0-301F-11D3-BF4B-00C04F79EFBC}") = "UaiQueijos.Dominio", "UaiQueijos.Dominio\UaiQueijos.Dominio.csproj", "{95B02C30-E925-41B6-BA67-92EE0AF76201}"
EndProject
Project("{FAE04EC0-301F-11D3-BF4B-00C04F79EFBC}") = "UaiQueijos.Comum", "UaiQueijos.Comum\UaiQueijos.Comum.csproj", "{8467804E-F834-4FDB-B093-BC3A4F09AE38}"
EndProject
Project("{2150E333-8FDC-42A3-9474-1A3956D46DE8}") = "01 - ConsoleApp", "01 - ConsoleApp", "{95D60AE8-64A0-437D-A494-216997027004}"
EndProject
Project("{2150E333-8FDC-42A3-9474-1A3956D46DE8}") = "02 - Dominio", "02 - Dominio", "{C3EBC758-6DC8-48B3-8C8C-90661835BFF4}"
EndProject
Project("{2150E333-8FDC-42A3-9474-1A3956D46DE8}") = "03 - Comum", "03 - Comum", "{3C6D2172-BDEF-4F47-A97B-0B9D42E4289B}"
EndProject
Global
	GlobalSection(SolutionConfigurationPlatforms) = preSolution
		Debug|Any CPU = Debug|Any CPU
		Release|Any CPU = Release|Any CPU
	EndGlobalSection
	GlobalSection(ProjectConfigurationPlatforms) = postSolution
		{AB0A5D53-6234-4522-ABE1-A214D7A6547D}.Debug|Any CPU.ActiveCfg = Debug|Any CPU
		{AB0A5D53-6234-4522-ABE1-A214D7A6547D}.Debug|Any CPU.Build.0 = Debug|Any CPU
		{AB0A5D53-6234-4522-ABE1-A214D7A6547D}.Release|Any CPU.ActiveCfg = Release|Any CPU
		{AB0A5D53-6234-4522-ABE1-A214D7A6547D}.Release|Any CPU.Build.0 = Release|Any CPU
		{95B02C30-E925-41B6-BA67-92EE0AF76201}.Debug|Any CPU.ActiveCfg = Debug|Any CPU
		{95B02C30-E925-41B6-BA67-92EE0AF76201}.Debug|Any CPU.Build.0 = Debug|Any CPU
		{95B02C30-E925-41B6-BA67-92EE0AF76201}.Release|Any CPU.ActiveCfg = Release|Any CPU
		{95B02C30-E925-41B6-BA67-92EE0AF76201}.Release|Any CPU.Build.0 = Release|Any CPU
		{8467804E-F834-4FDB-B093-BC3A4F09AE38}.Debug|Any CPU.ActiveCfg = Debug|Any CPU
		{8467804E-F834-4FDB-B093-BC3A4F09AE38}.Debug|Any CPU.Build.0 = Debug|Any CPU
		{8467804E-F834-4FDB-B093-BC3A4F09AE38}.Release|Any CPU.ActiveCfg = Release|Any CPU
		{8467804E-F834-4FDB-B093-BC3A4F09AE38}.Release|Any CPU.Build.0 = Release|Any CPU
	EndGlobalSection
	GlobalSection(SolutionProperties) = preSolution
		HideSolutionNode = FALSE
	EndGlobalSection
	GlobalSection(NestedProjects) = preSolution
		{AB0A5D53-6234-4522-ABE1-A214D7A6547D} = {95D60AE8-64A0-437D-A494-216997027004}
		{95B02C30-E925-41B6-BA67-92EE0AF76201} = {C3EBC758-6DC8-48B3-8C8C-90661835BFF4}
		{8467804E-F834-4FDB-B093-BC3A4F09AE38} = {3C6D2172-BDEF-4F47-A97B-0B9D42E4289B}
	EndGlobalSection
	GlobalSection(ExtensibilityGlobals) = postSolution
		SolutionGuid = {27240CC2-4DFB-4DE6-98EA-E9136B44C09A}
	EndGlobalSection
EndGlobal
