
Microsoft Visual Studio Solution File, Format Version 12.00
# Visual Studio 15
VisualStudioVersion = 15.0.28010.2046
MinimumVisualStudioVersion = 10.0.40219.1
Project("{FAE04EC0-301F-11D3-BF4B-00C04F79EFBC}") = "Exercicio01", "Exercicio01\Exercicio01.csproj", "{FC7F4E07-2831-4037-9F57-504E1A1CF942}"
EndProject
Project("{FAE04EC0-301F-11D3-BF4B-00C04F79EFBC}") = "Exercicio02", "Exercicio02\Exercicio02.csproj", "{9DC1D3EA-DFB2-4A62-820C-7FE3BBF6EC60}"
EndProject
Project("{FAE04EC0-301F-11D3-BF4B-00C04F79EFBC}") = "Exercicio03", "Exercicio03\Exercicio03.csproj", "{A4ECC89C-C5D7-4384-BE46-7FA50C07B47A}"
EndProject
Project("{FAE04EC0-301F-11D3-BF4B-00C04F79EFBC}") = "Exercicio04", "Exercicio04\Exercicio04.csproj", "{E4494B50-F2EE-4334-B575-5ACFA589813E}"
EndProject
Project("{FAE04EC0-301F-11D3-BF4B-00C04F79EFBC}") = "Exercicio05", "Exercicio05\Exercicio05.csproj", "{3EA96B24-174D-4951-8A01-32EDAA6E0BB7}"
EndProject
Global
	GlobalSection(SolutionConfigurationPlatforms) = preSolution
		Debug|Any CPU = Debug|Any CPU
		Release|Any CPU = Release|Any CPU
	EndGlobalSection
	GlobalSection(ProjectConfigurationPlatforms) = postSolution
		{FC7F4E07-2831-4037-9F57-504E1A1CF942}.Debug|Any CPU.ActiveCfg = Debug|Any CPU
		{FC7F4E07-2831-4037-9F57-504E1A1CF942}.Debug|Any CPU.Build.0 = Debug|Any CPU
		{FC7F4E07-2831-4037-9F57-504E1A1CF942}.Release|Any CPU.ActiveCfg = Release|Any CPU
		{FC7F4E07-2831-4037-9F57-504E1A1CF942}.Release|Any CPU.Build.0 = Release|Any CPU
		{9DC1D3EA-DFB2-4A62-820C-7FE3BBF6EC60}.Debug|Any CPU.ActiveCfg = Debug|Any CPU
		{9DC1D3EA-DFB2-4A62-820C-7FE3BBF6EC60}.Debug|Any CPU.Build.0 = Debug|Any CPU
		{9DC1D3EA-DFB2-4A62-820C-7FE3BBF6EC60}.Release|Any CPU.ActiveCfg = Release|Any CPU
		{9DC1D3EA-DFB2-4A62-820C-7FE3BBF6EC60}.Release|Any CPU.Build.0 = Release|Any CPU
		{A4ECC89C-C5D7-4384-BE46-7FA50C07B47A}.Debug|Any CPU.ActiveCfg = Debug|Any CPU
		{A4ECC89C-C5D7-4384-BE46-7FA50C07B47A}.Debug|Any CPU.Build.0 = Debug|Any CPU
		{A4ECC89C-C5D7-4384-BE46-7FA50C07B47A}.Release|Any CPU.ActiveCfg = Release|Any CPU
		{A4ECC89C-C5D7-4384-BE46-7FA50C07B47A}.Release|Any CPU.Build.0 = Release|Any CPU
		{E4494B50-F2EE-4334-B575-5ACFA589813E}.Debug|Any CPU.ActiveCfg = Debug|Any CPU
		{E4494B50-F2EE-4334-B575-5ACFA589813E}.Debug|Any CPU.Build.0 = Debug|Any CPU
		{E4494B50-F2EE-4334-B575-5ACFA589813E}.Release|Any CPU.ActiveCfg = Release|Any CPU
		{E4494B50-F2EE-4334-B575-5ACFA589813E}.Release|Any CPU.Build.0 = Release|Any CPU
		{3EA96B24-174D-4951-8A01-32EDAA6E0BB7}.Debug|Any CPU.ActiveCfg = Debug|Any CPU
		{3EA96B24-174D-4951-8A01-32EDAA6E0BB7}.Debug|Any CPU.Build.0 = Debug|Any CPU
		{3EA96B24-174D-4951-8A01-32EDAA6E0BB7}.Release|Any CPU.ActiveCfg = Release|Any CPU
		{3EA96B24-174D-4951-8A01-32EDAA6E0BB7}.Release|Any CPU.Build.0 = Release|Any CPU
	EndGlobalSection
	GlobalSection(SolutionProperties) = preSolution
		HideSolutionNode = FALSE
	EndGlobalSection
	GlobalSection(ExtensibilityGlobals) = postSolution
		SolutionGuid = {6A12CD4F-FE63-4EDA-8706-81B5098B160F}
	EndGlobalSection
EndGlobal
