
Microsoft Visual Studio Solution File, Format Version 12.00
# Visual Studio 15
VisualStudioVersion = 15.0.27703.2047
MinimumVisualStudioVersion = 10.0.40219.1
Project("{FAE04EC0-301F-11D3-BF4B-00C04F79EFBC}") = "TiposNumericos", "TiposNumericos\TiposNumericos.csproj", "{48746C45-A6A5-49B7-9431-2D321C4101ED}"
EndProject
Project("{FAE04EC0-301F-11D3-BF4B-00C04F79EFBC}") = "ConversaoTipoNumericos", "ConversaoTipoNumericos\ConversaoTipoNumericos.csproj", "{309E0291-060F-4EC1-86A7-71D2676B2AB3}"
EndProject
Project("{FAE04EC0-301F-11D3-BF4B-00C04F79EFBC}") = "OperacoesTipoNumericos", "OperacoesTipoNumericos\OperacoesTipoNumericos.csproj", "{94C47517-51E1-4EEB-8BB9-16FE6F0AB2FD}"
EndProject
Global
	GlobalSection(SolutionConfigurationPlatforms) = preSolution
		Debug|Any CPU = Debug|Any CPU
		Release|Any CPU = Release|Any CPU
	EndGlobalSection
	GlobalSection(ProjectConfigurationPlatforms) = postSolution
		{48746C45-A6A5-49B7-9431-2D321C4101ED}.Debug|Any CPU.ActiveCfg = Debug|Any CPU
		{48746C45-A6A5-49B7-9431-2D321C4101ED}.Debug|Any CPU.Build.0 = Debug|Any CPU
		{48746C45-A6A5-49B7-9431-2D321C4101ED}.Release|Any CPU.ActiveCfg = Release|Any CPU
		{48746C45-A6A5-49B7-9431-2D321C4101ED}.Release|Any CPU.Build.0 = Release|Any CPU
		{309E0291-060F-4EC1-86A7-71D2676B2AB3}.Debug|Any CPU.ActiveCfg = Debug|Any CPU
		{309E0291-060F-4EC1-86A7-71D2676B2AB3}.Debug|Any CPU.Build.0 = Debug|Any CPU
		{309E0291-060F-4EC1-86A7-71D2676B2AB3}.Release|Any CPU.ActiveCfg = Release|Any CPU
		{309E0291-060F-4EC1-86A7-71D2676B2AB3}.Release|Any CPU.Build.0 = Release|Any CPU
		{94C47517-51E1-4EEB-8BB9-16FE6F0AB2FD}.Debug|Any CPU.ActiveCfg = Debug|Any CPU
		{94C47517-51E1-4EEB-8BB9-16FE6F0AB2FD}.Debug|Any CPU.Build.0 = Debug|Any CPU
		{94C47517-51E1-4EEB-8BB9-16FE6F0AB2FD}.Release|Any CPU.ActiveCfg = Release|Any CPU
		{94C47517-51E1-4EEB-8BB9-16FE6F0AB2FD}.Release|Any CPU.Build.0 = Release|Any CPU
	EndGlobalSection
	GlobalSection(SolutionProperties) = preSolution
		HideSolutionNode = FALSE
	EndGlobalSection
	GlobalSection(ExtensibilityGlobals) = postSolution
		SolutionGuid = {0102AD3F-E681-4D29-BDCB-AF02EA2EC3CE}
	EndGlobalSection
EndGlobal
