
Microsoft Visual Studio Solution File, Format Version 12.00
# Visual Studio 15
VisualStudioVersion = 15.0.28010.2036
MinimumVisualStudioVersion = 10.0.40219.1
Project("{FAE04EC0-301F-11D3-BF4B-00C04F79EFBC}") = "Exercicio01", "Exercicio01\Exercicio01.csproj", "{BFE2791C-B921-456E-8364-52DE55CDBC29}"
EndProject
Project("{FAE04EC0-301F-11D3-BF4B-00C04F79EFBC}") = "Exercicio02", "Exercicio02\Exercicio02.csproj", "{94EFDBEC-BD26-42DE-9556-B0ECCF6D17B1}"
EndProject
Project("{FAE04EC0-301F-11D3-BF4B-00C04F79EFBC}") = "Exercicio03", "Exercicio03\Exercicio03.csproj", "{60B0325F-31A6-4361-93B1-660BCCFA6DDB}"
EndProject
Project("{FAE04EC0-301F-11D3-BF4B-00C04F79EFBC}") = "Exercicio04", "Exercicio04\Exercicio04.csproj", "{95B55AC4-25B0-4DA6-BE3D-CBC96BD2B009}"
EndProject
Global
	GlobalSection(SolutionConfigurationPlatforms) = preSolution
		Debug|Any CPU = Debug|Any CPU
		Release|Any CPU = Release|Any CPU
	EndGlobalSection
	GlobalSection(ProjectConfigurationPlatforms) = postSolution
		{BFE2791C-B921-456E-8364-52DE55CDBC29}.Debug|Any CPU.ActiveCfg = Debug|Any CPU
		{BFE2791C-B921-456E-8364-52DE55CDBC29}.Debug|Any CPU.Build.0 = Debug|Any CPU
		{BFE2791C-B921-456E-8364-52DE55CDBC29}.Release|Any CPU.ActiveCfg = Release|Any CPU
		{BFE2791C-B921-456E-8364-52DE55CDBC29}.Release|Any CPU.Build.0 = Release|Any CPU
		{94EFDBEC-BD26-42DE-9556-B0ECCF6D17B1}.Debug|Any CPU.ActiveCfg = Debug|Any CPU
		{94EFDBEC-BD26-42DE-9556-B0ECCF6D17B1}.Debug|Any CPU.Build.0 = Debug|Any CPU
		{94EFDBEC-BD26-42DE-9556-B0ECCF6D17B1}.Release|Any CPU.ActiveCfg = Release|Any CPU
		{94EFDBEC-BD26-42DE-9556-B0ECCF6D17B1}.Release|Any CPU.Build.0 = Release|Any CPU
		{60B0325F-31A6-4361-93B1-660BCCFA6DDB}.Debug|Any CPU.ActiveCfg = Debug|Any CPU
		{60B0325F-31A6-4361-93B1-660BCCFA6DDB}.Debug|Any CPU.Build.0 = Debug|Any CPU
		{60B0325F-31A6-4361-93B1-660BCCFA6DDB}.Release|Any CPU.ActiveCfg = Release|Any CPU
		{60B0325F-31A6-4361-93B1-660BCCFA6DDB}.Release|Any CPU.Build.0 = Release|Any CPU
		{95B55AC4-25B0-4DA6-BE3D-CBC96BD2B009}.Debug|Any CPU.ActiveCfg = Debug|Any CPU
		{95B55AC4-25B0-4DA6-BE3D-CBC96BD2B009}.Debug|Any CPU.Build.0 = Debug|Any CPU
		{95B55AC4-25B0-4DA6-BE3D-CBC96BD2B009}.Release|Any CPU.ActiveCfg = Release|Any CPU
		{95B55AC4-25B0-4DA6-BE3D-CBC96BD2B009}.Release|Any CPU.Build.0 = Release|Any CPU
	EndGlobalSection
	GlobalSection(SolutionProperties) = preSolution
		HideSolutionNode = FALSE
	EndGlobalSection
	GlobalSection(ExtensibilityGlobals) = postSolution
		SolutionGuid = {C6C1D748-CB38-4ED6-96BF-E5842688B050}
	EndGlobalSection
EndGlobal
