
Microsoft Visual Studio Solution File, Format Version 12.00
# Visual Studio 15
VisualStudioVersion = 15.0.28010.2036
MinimumVisualStudioVersion = 10.0.40219.1
Project("{FAE04EC0-301F-11D3-BF4B-00C04F79EFBC}") = "Exercicio01", "Exercicio01\Exercicio01.csproj", "{BFE2791C-B921-456E-8364-52DE55CDBC29}"
EndProject
Global
	GlobalSection(SolutionConfigurationPlatforms) = preSolution
		Debug|Any CPU = Debug|Any CPU
		Release|Any CPU = Release|Any CPU
	EndGlobalSection
	GlobalSection(ProjectConfigurationPlatforms) = postSolution
		{BFE2791C-B921-456E-8364-52DE55CDBC29}.Debug|Any CPU.ActiveCfg = Debug|Any CPU
		{BFE2791C-B921-456E-8364-52DE55CDBC29}.Debug|Any CPU.Build.0 = Debug|Any CPU
		{BFE2791C-B921-456E-8364-52DE55CDBC29}.Release|Any CPU.ActiveCfg = Release|Any CPU
		{BFE2791C-B921-456E-8364-52DE55CDBC29}.Release|Any CPU.Build.0 = Release|Any CPU
	EndGlobalSection
	GlobalSection(SolutionProperties) = preSolution
		HideSolutionNode = FALSE
	EndGlobalSection
	GlobalSection(ExtensibilityGlobals) = postSolution
		SolutionGuid = {C6C1D748-CB38-4ED6-96BF-E5842688B050}
	EndGlobalSection
EndGlobal
