
Microsoft Visual Studio Solution File, Format Version 12.00
# Visual Studio 15
VisualStudioVersion = 15.0.28010.2036
MinimumVisualStudioVersion = 10.0.40219.1
Project("{FAE04EC0-301F-11D3-BF4B-00C04F79EFBC}") = "Theos.PetShop", "Theos.PetShop\Theos.PetShop.csproj", "{539D7469-91B3-4CC8-A07B-A8427CF304A6}"
EndProject
Project("{2150E333-8FDC-42A3-9474-1A3956D46DE8}") = "01 - ConsoleApp", "01 - ConsoleApp", "{AEA3938A-92BE-425D-8837-1A5604AD65A2}"
EndProject
Project("{2150E333-8FDC-42A3-9474-1A3956D46DE8}") = "02 - Dominio", "02 - Dominio", "{340A1AF1-69D7-45B7-8C1A-F447E1C7DEA2}"
EndProject
Project("{2150E333-8FDC-42A3-9474-1A3956D46DE8}") = "03 - Comum", "03 - Comum", "{C2DE1157-4894-483E-8B6B-294E7395D196}"
EndProject
Project("{FAE04EC0-301F-11D3-BF4B-00C04F79EFBC}") = "Theos.PetShop.Dominio", "Theos.PetShop.Dominio\Theos.PetShop.Dominio.csproj", "{537CE810-0E36-4690-98CB-8480E9B1750A}"
EndProject
Project("{FAE04EC0-301F-11D3-BF4B-00C04F79EFBC}") = "Theos.PetShop.Comum", "Theos.PetShop.Comum\Theos.PetShop.Comum.csproj", "{39EEBBCB-7CE1-476B-9266-F96174095CDD}"
EndProject
Global
	GlobalSection(SolutionConfigurationPlatforms) = preSolution
		Debug|Any CPU = Debug|Any CPU
		Release|Any CPU = Release|Any CPU
	EndGlobalSection
	GlobalSection(ProjectConfigurationPlatforms) = postSolution
		{539D7469-91B3-4CC8-A07B-A8427CF304A6}.Debug|Any CPU.ActiveCfg = Debug|Any CPU
		{539D7469-91B3-4CC8-A07B-A8427CF304A6}.Debug|Any CPU.Build.0 = Debug|Any CPU
		{539D7469-91B3-4CC8-A07B-A8427CF304A6}.Release|Any CPU.ActiveCfg = Release|Any CPU
		{539D7469-91B3-4CC8-A07B-A8427CF304A6}.Release|Any CPU.Build.0 = Release|Any CPU
		{537CE810-0E36-4690-98CB-8480E9B1750A}.Debug|Any CPU.ActiveCfg = Debug|Any CPU
		{537CE810-0E36-4690-98CB-8480E9B1750A}.Debug|Any CPU.Build.0 = Debug|Any CPU
		{537CE810-0E36-4690-98CB-8480E9B1750A}.Release|Any CPU.ActiveCfg = Release|Any CPU
		{537CE810-0E36-4690-98CB-8480E9B1750A}.Release|Any CPU.Build.0 = Release|Any CPU
		{39EEBBCB-7CE1-476B-9266-F96174095CDD}.Debug|Any CPU.ActiveCfg = Debug|Any CPU
		{39EEBBCB-7CE1-476B-9266-F96174095CDD}.Debug|Any CPU.Build.0 = Debug|Any CPU
		{39EEBBCB-7CE1-476B-9266-F96174095CDD}.Release|Any CPU.ActiveCfg = Release|Any CPU
		{39EEBBCB-7CE1-476B-9266-F96174095CDD}.Release|Any CPU.Build.0 = Release|Any CPU
	EndGlobalSection
	GlobalSection(SolutionProperties) = preSolution
		HideSolutionNode = FALSE
	EndGlobalSection
	GlobalSection(NestedProjects) = preSolution
		{539D7469-91B3-4CC8-A07B-A8427CF304A6} = {AEA3938A-92BE-425D-8837-1A5604AD65A2}
		{537CE810-0E36-4690-98CB-8480E9B1750A} = {340A1AF1-69D7-45B7-8C1A-F447E1C7DEA2}
		{39EEBBCB-7CE1-476B-9266-F96174095CDD} = {C2DE1157-4894-483E-8B6B-294E7395D196}
	EndGlobalSection
	GlobalSection(ExtensibilityGlobals) = postSolution
		SolutionGuid = {13501E1F-D1BD-4E2C-83A0-B8231E3C4BAF}
	EndGlobalSection
EndGlobal
