
Microsoft Visual Studio Solution File, Format Version 12.00
# Visual Studio 15
VisualStudioVersion = 15.0.28010.2048
MinimumVisualStudioVersion = 10.0.40219.1
Project("{FAE04EC0-301F-11D3-BF4B-00C04F79EFBC}") = "Listas", "Listas\Listas.csproj", "{82C238C6-83C4-4E61-9195-CAD7F199765E}"
EndProject
Global
	GlobalSection(SolutionConfigurationPlatforms) = preSolution
		Debug|Any CPU = Debug|Any CPU
		Release|Any CPU = Release|Any CPU
	EndGlobalSection
	GlobalSection(ProjectConfigurationPlatforms) = postSolution
		{82C238C6-83C4-4E61-9195-CAD7F199765E}.Debug|Any CPU.ActiveCfg = Debug|Any CPU
		{82C238C6-83C4-4E61-9195-CAD7F199765E}.Debug|Any CPU.Build.0 = Debug|Any CPU
		{82C238C6-83C4-4E61-9195-CAD7F199765E}.Release|Any CPU.ActiveCfg = Release|Any CPU
		{82C238C6-83C4-4E61-9195-CAD7F199765E}.Release|Any CPU.Build.0 = Release|Any CPU
	EndGlobalSection
	GlobalSection(SolutionProperties) = preSolution
		HideSolutionNode = FALSE
	EndGlobalSection
	GlobalSection(ExtensibilityGlobals) = postSolution
		SolutionGuid = {CD1F3202-3DD0-45A5-A711-CB6B2F6924EC}
	EndGlobalSection
EndGlobal
