
Microsoft Visual Studio Solution File, Format Version 12.00
# Visual Studio 15
VisualStudioVersion = 15.0.28010.2036
MinimumVisualStudioVersion = 10.0.40219.1
Project("{FAE04EC0-301F-11D3-BF4B-00C04F79EFBC}") = "Theos.Biblioteca.ConsoleApp", "Theos.Biblioteca.ConsoleApp\Theos.Biblioteca.ConsoleApp.csproj", "{D3751F4C-A0F0-4DAE-8115-E562B1CDC50B}"
EndProject
Project("{2150E333-8FDC-42A3-9474-1A3956D46DE8}") = "01 - ConsoleApp", "01 - ConsoleApp", "{4A8CA4D5-BFD8-4C82-B2D2-DE92692759C6}"
EndProject
Project("{2150E333-8FDC-42A3-9474-1A3956D46DE8}") = "03 - Comum", "03 - Comum", "{7B35BCF6-0E28-4D23-81E7-C97455C5F31A}"
EndProject
Project("{FAE04EC0-301F-11D3-BF4B-00C04F79EFBC}") = "Theos.Biblioteca.Comum", "Theos.Biblioteca.Comum\Theos.Biblioteca.Comum.csproj", "{E7D6E6C3-0954-4AF0-9572-01122D5CD4E9}"
EndProject
Project("{2150E333-8FDC-42A3-9474-1A3956D46DE8}") = "02 - Domínio", "02 - Domínio", "{EDE60097-06CF-48B5-BC97-9D80D4EC8471}"
EndProject
Project("{FAE04EC0-301F-11D3-BF4B-00C04F79EFBC}") = "Theos.Biblioteca.Dominio", "Theos.Biblioteca.Dominio\Theos.Biblioteca.Dominio.csproj", "{3EE8424B-39B2-485D-98D1-304C2A60C4B8}"
EndProject
Global
	GlobalSection(SolutionConfigurationPlatforms) = preSolution
		Debug|Any CPU = Debug|Any CPU
		Release|Any CPU = Release|Any CPU
	EndGlobalSection
	GlobalSection(ProjectConfigurationPlatforms) = postSolution
		{D3751F4C-A0F0-4DAE-8115-E562B1CDC50B}.Debug|Any CPU.ActiveCfg = Debug|Any CPU
		{D3751F4C-A0F0-4DAE-8115-E562B1CDC50B}.Debug|Any CPU.Build.0 = Debug|Any CPU
		{D3751F4C-A0F0-4DAE-8115-E562B1CDC50B}.Release|Any CPU.ActiveCfg = Release|Any CPU
		{D3751F4C-A0F0-4DAE-8115-E562B1CDC50B}.Release|Any CPU.Build.0 = Release|Any CPU
		{E7D6E6C3-0954-4AF0-9572-01122D5CD4E9}.Debug|Any CPU.ActiveCfg = Debug|Any CPU
		{E7D6E6C3-0954-4AF0-9572-01122D5CD4E9}.Debug|Any CPU.Build.0 = Debug|Any CPU
		{E7D6E6C3-0954-4AF0-9572-01122D5CD4E9}.Release|Any CPU.ActiveCfg = Release|Any CPU
		{E7D6E6C3-0954-4AF0-9572-01122D5CD4E9}.Release|Any CPU.Build.0 = Release|Any CPU
		{3EE8424B-39B2-485D-98D1-304C2A60C4B8}.Debug|Any CPU.ActiveCfg = Debug|Any CPU
		{3EE8424B-39B2-485D-98D1-304C2A60C4B8}.Debug|Any CPU.Build.0 = Debug|Any CPU
		{3EE8424B-39B2-485D-98D1-304C2A60C4B8}.Release|Any CPU.ActiveCfg = Release|Any CPU
		{3EE8424B-39B2-485D-98D1-304C2A60C4B8}.Release|Any CPU.Build.0 = Release|Any CPU
	EndGlobalSection
	GlobalSection(SolutionProperties) = preSolution
		HideSolutionNode = FALSE
	EndGlobalSection
	GlobalSection(NestedProjects) = preSolution
		{D3751F4C-A0F0-4DAE-8115-E562B1CDC50B} = {4A8CA4D5-BFD8-4C82-B2D2-DE92692759C6}
		{E7D6E6C3-0954-4AF0-9572-01122D5CD4E9} = {7B35BCF6-0E28-4D23-81E7-C97455C5F31A}
		{3EE8424B-39B2-485D-98D1-304C2A60C4B8} = {EDE60097-06CF-48B5-BC97-9D80D4EC8471}
	EndGlobalSection
	GlobalSection(ExtensibilityGlobals) = postSolution
		SolutionGuid = {DE624D1B-50B8-4C75-B90B-CBA68B446D82}
	EndGlobalSection
EndGlobal
