
Microsoft Visual Studio Solution File, Format Version 12.00
# Visual Studio 15
VisualStudioVersion = 15.0.28010.2046
MinimumVisualStudioVersion = 10.0.40219.1
Project("{FAE04EC0-301F-11D3-BF4B-00C04F79EFBC}") = "SistemaEscola.ConsoleApp", "SistemaEscola.ConsoleApp\SistemaEscola.ConsoleApp.csproj", "{6C94BC86-1249-4E06-ADE1-D0659D3D0F6A}"
EndProject
Project("{FAE04EC0-301F-11D3-BF4B-00C04F79EFBC}") = "SistemaEscola.Dominio", "SistemaEscola.Dominio\SistemaEscola.Dominio.csproj", "{868FC139-9F05-460A-9D29-EB2EBCC7A019}"
EndProject
Project("{FAE04EC0-301F-11D3-BF4B-00C04F79EFBC}") = "SistemaEscola.Comum", "SistemaEscola.Comum\SistemaEscola.Comum.csproj", "{0C3D1673-2490-4EB1-A354-5918A43A612B}"
EndProject
Project("{2150E333-8FDC-42A3-9474-1A3956D46DE8}") = "05 - Comum", "05 - Comum", "{1EE289EE-76B4-4FEA-96E3-DDD416780B76}"
EndProject
Project("{2150E333-8FDC-42A3-9474-1A3956D46DE8}") = "01 - ConsoleApp", "01 - ConsoleApp", "{CDA33026-3867-4BD7-AF82-BD70F3444A37}"
EndProject
Project("{2150E333-8FDC-42A3-9474-1A3956D46DE8}") = "02 - Dominio", "02 - Dominio", "{3162CAED-582B-4754-B605-F4086E29F2CC}"
EndProject
Project("{2150E333-8FDC-42A3-9474-1A3956D46DE8}") = "00 - Swagger", "00 - Swagger", "{63CC123F-5A07-4EAD-992F-762B781161F8}"
EndProject
Project("{2150E333-8FDC-42A3-9474-1A3956D46DE8}") = "04 - Repositorio", "04 - Repositorio", "{1E48B32F-1631-4E03-A568-C5DD9AE7848E}"
EndProject
Project("{2150E333-8FDC-42A3-9474-1A3956D46DE8}") = "03 -Service", "03 -Service", "{5F6BCC2F-F5E7-4124-8FD2-BCA94E8920DC}"
EndProject
Project("{FAE04EC0-301F-11D3-BF4B-00C04F79EFBC}") = "SistemaEscola.Repositorio", "SistemaEscola.Repositorio\SistemaEscola.Repositorio.csproj", "{965FD5FA-4089-4F1E-BD21-A42EFF6D89BC}"
EndProject
Project("{FAE04EC0-301F-11D3-BF4B-00C04F79EFBC}") = "SistemaEscola.Swagger", "SistemaEscola.Swagger\SistemaEscola.Swagger.csproj", "{957B4450-8A05-4ECF-BD35-3D3755B2CF24}"
EndProject
Project("{FAE04EC0-301F-11D3-BF4B-00C04F79EFBC}") = "SistemaEscola.Service", "SistemaEscola.Service\SistemaEscola.Service.csproj", "{C7AE0E72-50A7-4C2F-887B-9A8E4014993D}"
EndProject
Global
	GlobalSection(SolutionConfigurationPlatforms) = preSolution
		Debug|Any CPU = Debug|Any CPU
		Release|Any CPU = Release|Any CPU
	EndGlobalSection
	GlobalSection(ProjectConfigurationPlatforms) = postSolution
		{6C94BC86-1249-4E06-ADE1-D0659D3D0F6A}.Debug|Any CPU.ActiveCfg = Debug|Any CPU
		{6C94BC86-1249-4E06-ADE1-D0659D3D0F6A}.Debug|Any CPU.Build.0 = Debug|Any CPU
		{6C94BC86-1249-4E06-ADE1-D0659D3D0F6A}.Release|Any CPU.ActiveCfg = Release|Any CPU
		{6C94BC86-1249-4E06-ADE1-D0659D3D0F6A}.Release|Any CPU.Build.0 = Release|Any CPU
		{868FC139-9F05-460A-9D29-EB2EBCC7A019}.Debug|Any CPU.ActiveCfg = Debug|Any CPU
		{868FC139-9F05-460A-9D29-EB2EBCC7A019}.Debug|Any CPU.Build.0 = Debug|Any CPU
		{868FC139-9F05-460A-9D29-EB2EBCC7A019}.Release|Any CPU.ActiveCfg = Release|Any CPU
		{868FC139-9F05-460A-9D29-EB2EBCC7A019}.Release|Any CPU.Build.0 = Release|Any CPU
		{0C3D1673-2490-4EB1-A354-5918A43A612B}.Debug|Any CPU.ActiveCfg = Debug|Any CPU
		{0C3D1673-2490-4EB1-A354-5918A43A612B}.Debug|Any CPU.Build.0 = Debug|Any CPU
		{0C3D1673-2490-4EB1-A354-5918A43A612B}.Release|Any CPU.ActiveCfg = Release|Any CPU
		{0C3D1673-2490-4EB1-A354-5918A43A612B}.Release|Any CPU.Build.0 = Release|Any CPU
		{965FD5FA-4089-4F1E-BD21-A42EFF6D89BC}.Debug|Any CPU.ActiveCfg = Debug|Any CPU
		{965FD5FA-4089-4F1E-BD21-A42EFF6D89BC}.Debug|Any CPU.Build.0 = Debug|Any CPU
		{965FD5FA-4089-4F1E-BD21-A42EFF6D89BC}.Release|Any CPU.ActiveCfg = Release|Any CPU
		{965FD5FA-4089-4F1E-BD21-A42EFF6D89BC}.Release|Any CPU.Build.0 = Release|Any CPU
		{957B4450-8A05-4ECF-BD35-3D3755B2CF24}.Debug|Any CPU.ActiveCfg = Debug|Any CPU
		{957B4450-8A05-4ECF-BD35-3D3755B2CF24}.Debug|Any CPU.Build.0 = Debug|Any CPU
		{957B4450-8A05-4ECF-BD35-3D3755B2CF24}.Release|Any CPU.ActiveCfg = Release|Any CPU
		{957B4450-8A05-4ECF-BD35-3D3755B2CF24}.Release|Any CPU.Build.0 = Release|Any CPU
		{C7AE0E72-50A7-4C2F-887B-9A8E4014993D}.Debug|Any CPU.ActiveCfg = Debug|Any CPU
		{C7AE0E72-50A7-4C2F-887B-9A8E4014993D}.Debug|Any CPU.Build.0 = Debug|Any CPU
		{C7AE0E72-50A7-4C2F-887B-9A8E4014993D}.Release|Any CPU.ActiveCfg = Release|Any CPU
		{C7AE0E72-50A7-4C2F-887B-9A8E4014993D}.Release|Any CPU.Build.0 = Release|Any CPU
	EndGlobalSection
	GlobalSection(SolutionProperties) = preSolution
		HideSolutionNode = FALSE
	EndGlobalSection
	GlobalSection(NestedProjects) = preSolution
		{6C94BC86-1249-4E06-ADE1-D0659D3D0F6A} = {CDA33026-3867-4BD7-AF82-BD70F3444A37}
		{868FC139-9F05-460A-9D29-EB2EBCC7A019} = {3162CAED-582B-4754-B605-F4086E29F2CC}
		{0C3D1673-2490-4EB1-A354-5918A43A612B} = {1EE289EE-76B4-4FEA-96E3-DDD416780B76}
		{965FD5FA-4089-4F1E-BD21-A42EFF6D89BC} = {1E48B32F-1631-4E03-A568-C5DD9AE7848E}
		{957B4450-8A05-4ECF-BD35-3D3755B2CF24} = {63CC123F-5A07-4EAD-992F-762B781161F8}
		{C7AE0E72-50A7-4C2F-887B-9A8E4014993D} = {5F6BCC2F-F5E7-4124-8FD2-BCA94E8920DC}
	EndGlobalSection
	GlobalSection(ExtensibilityGlobals) = postSolution
		SolutionGuid = {95261133-E91C-4C8B-AA42-E10502529CE5}
	EndGlobalSection
EndGlobal
