
Microsoft Visual Studio Solution File, Format Version 12.00
# Visual Studio 15
VisualStudioVersion = 15.0.28010.2036
MinimumVisualStudioVersion = 10.0.40219.1
Project("{FAE04EC0-301F-11D3-BF4B-00C04F79EFBC}") = "UaiQueijos.ConsoleApp", "UaiQueijos\UaiQueijos.ConsoleApp.csproj", "{9ECBFBF3-F9E6-4F96-9C97-7B9823AC5B33}"
EndProject
Project("{FAE04EC0-301F-11D3-BF4B-00C04F79EFBC}") = "UaiQueijos.Dominio", "UaiQueijos.Dominio\UaiQueijos.Dominio.csproj", "{00DB92DE-A881-45F8-9B82-B1D2A746F362}"
EndProject
Project("{FAE04EC0-301F-11D3-BF4B-00C04F79EFBC}") = "UaiQueijos.Comum", "UaiQueijos.Comum\UaiQueijos.Comum.csproj", "{6700E6D5-3CCC-446D-A03B-CA38535A2EB5}"
EndProject
Project("{2150E333-8FDC-42A3-9474-1A3956D46DE8}") = "01 - ConsoleApp", "01 - ConsoleApp", "{BA0F8E61-FEA9-4667-B44B-3A8834B71139}"
EndProject
Project("{2150E333-8FDC-42A3-9474-1A3956D46DE8}") = "02 - Domínio", "02 - Domínio", "{D6610900-6493-4447-900D-15274C235009}"
EndProject
Project("{2150E333-8FDC-42A3-9474-1A3956D46DE8}") = "03 - Comum", "03 - Comum", "{FCB0BD98-71E9-4946-83CE-157CB3C24E2F}"
EndProject
Global
	GlobalSection(SolutionConfigurationPlatforms) = preSolution
		Debug|Any CPU = Debug|Any CPU
		Release|Any CPU = Release|Any CPU
	EndGlobalSection
	GlobalSection(ProjectConfigurationPlatforms) = postSolution
		{9ECBFBF3-F9E6-4F96-9C97-7B9823AC5B33}.Debug|Any CPU.ActiveCfg = Debug|Any CPU
		{9ECBFBF3-F9E6-4F96-9C97-7B9823AC5B33}.Debug|Any CPU.Build.0 = Debug|Any CPU
		{9ECBFBF3-F9E6-4F96-9C97-7B9823AC5B33}.Release|Any CPU.ActiveCfg = Release|Any CPU
		{9ECBFBF3-F9E6-4F96-9C97-7B9823AC5B33}.Release|Any CPU.Build.0 = Release|Any CPU
		{00DB92DE-A881-45F8-9B82-B1D2A746F362}.Debug|Any CPU.ActiveCfg = Debug|Any CPU
		{00DB92DE-A881-45F8-9B82-B1D2A746F362}.Debug|Any CPU.Build.0 = Debug|Any CPU
		{00DB92DE-A881-45F8-9B82-B1D2A746F362}.Release|Any CPU.ActiveCfg = Release|Any CPU
		{00DB92DE-A881-45F8-9B82-B1D2A746F362}.Release|Any CPU.Build.0 = Release|Any CPU
		{6700E6D5-3CCC-446D-A03B-CA38535A2EB5}.Debug|Any CPU.ActiveCfg = Debug|Any CPU
		{6700E6D5-3CCC-446D-A03B-CA38535A2EB5}.Debug|Any CPU.Build.0 = Debug|Any CPU
		{6700E6D5-3CCC-446D-A03B-CA38535A2EB5}.Release|Any CPU.ActiveCfg = Release|Any CPU
		{6700E6D5-3CCC-446D-A03B-CA38535A2EB5}.Release|Any CPU.Build.0 = Release|Any CPU
	EndGlobalSection
	GlobalSection(SolutionProperties) = preSolution
		HideSolutionNode = FALSE
	EndGlobalSection
	GlobalSection(NestedProjects) = preSolution
		{9ECBFBF3-F9E6-4F96-9C97-7B9823AC5B33} = {BA0F8E61-FEA9-4667-B44B-3A8834B71139}
		{00DB92DE-A881-45F8-9B82-B1D2A746F362} = {D6610900-6493-4447-900D-15274C235009}
		{6700E6D5-3CCC-446D-A03B-CA38535A2EB5} = {FCB0BD98-71E9-4946-83CE-157CB3C24E2F}
	EndGlobalSection
	GlobalSection(ExtensibilityGlobals) = postSolution
		SolutionGuid = {F64AF315-9A35-4581-B0B0-BB13E69AC00D}
	EndGlobalSection
EndGlobal
