
Microsoft Visual Studio Solution File, Format Version 12.00
# Visual Studio 15
VisualStudioVersion = 15.0.28010.2036
MinimumVisualStudioVersion = 10.0.40219.1
Project("{2150E333-8FDC-42A3-9474-1A3956D46DE8}") = "01 - ConsoleApp", "01 - ConsoleApp", "{00DCDA85-5B70-4DAE-BCD3-FF043673F336}"
EndProject
Project("{FAE04EC0-301F-11D3-BF4B-00C04F79EFBC}") = "PetShop.Conosle.App", "PetShop.Conosle.App\PetShop.Conosle.App.csproj", "{375748AA-3CFD-4C57-A5D8-F75729986474}"
EndProject
Project("{2150E333-8FDC-42A3-9474-1A3956D46DE8}") = "02 - Dominio", "02 - Dominio", "{7C3026E9-4021-4B0E-B20B-ED2B460450CD}"
EndProject
Project("{FAE04EC0-301F-11D3-BF4B-00C04F79EFBC}") = "PetShop.Dominio", "PetShop.Dominio\PetShop.Dominio.csproj", "{83B4BBC3-A4E0-45D4-B6BB-3A23A199995E}"
EndProject
Project("{2150E333-8FDC-42A3-9474-1A3956D46DE8}") = "05 - Comum", "05 - Comum", "{40553CD8-1A6C-46A0-A65F-F756F6E1FCC4}"
EndProject
Project("{FAE04EC0-301F-11D3-BF4B-00C04F79EFBC}") = "PetShop.Comum", "PetShop.Comum\PetShop.Comum.csproj", "{37B51F4C-BE98-4936-9F64-22156C572A4F}"
EndProject
Project("{2150E333-8FDC-42A3-9474-1A3956D46DE8}") = "PetShop", "PetShop", "{4C475832-0793-40F2-9684-79B7DE5C1B25}"
EndProject
Project("{2150E333-8FDC-42A3-9474-1A3956D46DE8}") = "00 - Swagger", "00 - Swagger", "{8DA7E0F3-A6F6-4F6C-8F84-99902A7AF2A9}"
EndProject
Project("{2150E333-8FDC-42A3-9474-1A3956D46DE8}") = "03 - Service", "03 - Service", "{52C532B0-093B-42A0-8D4F-F8B957AA5827}"
EndProject
Project("{2150E333-8FDC-42A3-9474-1A3956D46DE8}") = "04 - Repositorio", "04 - Repositorio", "{E76889C9-0FE5-4510-B0DD-5B5B629AA920}"
EndProject
Project("{FAE04EC0-301F-11D3-BF4B-00C04F79EFBC}") = "PetShop.Swagger", "PetShop.Swagger\PetShop.Swagger.csproj", "{053CB629-94AE-4397-9E08-614B165A886E}"
EndProject
Project("{FAE04EC0-301F-11D3-BF4B-00C04F79EFBC}") = "PetShop.Repositorio", "PetShot.Repositorio\PetShop.Repositorio.csproj", "{68582F43-E347-4B3F-AF68-725FB42831F3}"
EndProject
Project("{FAE04EC0-301F-11D3-BF4B-00C04F79EFBC}") = "PetShop.Service", "PetShop.Service\PetShop.Service.csproj", "{79BE8987-3891-4FBA-817A-36327465D486}"
EndProject
Project("{2150E333-8FDC-42A3-9474-1A3956D46DE8}") = "06 - InjecaoDependencia", "06 - InjecaoDependencia", "{82FB0EA9-73B1-4CC7-85C6-98AB7D0EA2FF}"
EndProject
Project("{FAE04EC0-301F-11D3-BF4B-00C04F79EFBC}") = "PetShop.InjecaoDependencia", "PetShop.InjecaoDependencia\PetShop.InjecaoDependencia.csproj", "{DE7AD618-771F-414D-9DFF-E823D802FC2F}"
EndProject
Project("{2150E333-8FDC-42A3-9474-1A3956D46DE8}") = "0 - Api", "0 - Api", "{E6478F7E-4B26-49C3-BB49-78A55BE5A459}"
EndProject
Project("{FAE04EC0-301F-11D3-BF4B-00C04F79EFBC}") = "PetShop.Api", "PetShop.Api\PetShop.Api.csproj", "{BEC55F4E-19AC-470A-91FC-6C7C54235240}"
EndProject
Global
	GlobalSection(SolutionConfigurationPlatforms) = preSolution
		Debug|Any CPU = Debug|Any CPU
		Release|Any CPU = Release|Any CPU
	EndGlobalSection
	GlobalSection(ProjectConfigurationPlatforms) = postSolution
		{375748AA-3CFD-4C57-A5D8-F75729986474}.Debug|Any CPU.ActiveCfg = Debug|Any CPU
		{375748AA-3CFD-4C57-A5D8-F75729986474}.Debug|Any CPU.Build.0 = Debug|Any CPU
		{375748AA-3CFD-4C57-A5D8-F75729986474}.Release|Any CPU.ActiveCfg = Release|Any CPU
		{375748AA-3CFD-4C57-A5D8-F75729986474}.Release|Any CPU.Build.0 = Release|Any CPU
		{83B4BBC3-A4E0-45D4-B6BB-3A23A199995E}.Debug|Any CPU.ActiveCfg = Debug|Any CPU
		{83B4BBC3-A4E0-45D4-B6BB-3A23A199995E}.Debug|Any CPU.Build.0 = Debug|Any CPU
		{83B4BBC3-A4E0-45D4-B6BB-3A23A199995E}.Release|Any CPU.ActiveCfg = Release|Any CPU
		{83B4BBC3-A4E0-45D4-B6BB-3A23A199995E}.Release|Any CPU.Build.0 = Release|Any CPU
		{37B51F4C-BE98-4936-9F64-22156C572A4F}.Debug|Any CPU.ActiveCfg = Debug|Any CPU
		{37B51F4C-BE98-4936-9F64-22156C572A4F}.Debug|Any CPU.Build.0 = Debug|Any CPU
		{37B51F4C-BE98-4936-9F64-22156C572A4F}.Release|Any CPU.ActiveCfg = Release|Any CPU
		{37B51F4C-BE98-4936-9F64-22156C572A4F}.Release|Any CPU.Build.0 = Release|Any CPU
		{053CB629-94AE-4397-9E08-614B165A886E}.Debug|Any CPU.ActiveCfg = Debug|Any CPU
		{053CB629-94AE-4397-9E08-614B165A886E}.Debug|Any CPU.Build.0 = Debug|Any CPU
		{053CB629-94AE-4397-9E08-614B165A886E}.Release|Any CPU.ActiveCfg = Release|Any CPU
		{053CB629-94AE-4397-9E08-614B165A886E}.Release|Any CPU.Build.0 = Release|Any CPU
		{68582F43-E347-4B3F-AF68-725FB42831F3}.Debug|Any CPU.ActiveCfg = Debug|Any CPU
		{68582F43-E347-4B3F-AF68-725FB42831F3}.Debug|Any CPU.Build.0 = Debug|Any CPU
		{68582F43-E347-4B3F-AF68-725FB42831F3}.Release|Any CPU.ActiveCfg = Release|Any CPU
		{68582F43-E347-4B3F-AF68-725FB42831F3}.Release|Any CPU.Build.0 = Release|Any CPU
		{79BE8987-3891-4FBA-817A-36327465D486}.Debug|Any CPU.ActiveCfg = Debug|Any CPU
		{79BE8987-3891-4FBA-817A-36327465D486}.Debug|Any CPU.Build.0 = Debug|Any CPU
		{79BE8987-3891-4FBA-817A-36327465D486}.Release|Any CPU.ActiveCfg = Release|Any CPU
		{79BE8987-3891-4FBA-817A-36327465D486}.Release|Any CPU.Build.0 = Release|Any CPU
		{DE7AD618-771F-414D-9DFF-E823D802FC2F}.Debug|Any CPU.ActiveCfg = Debug|Any CPU
		{DE7AD618-771F-414D-9DFF-E823D802FC2F}.Debug|Any CPU.Build.0 = Debug|Any CPU
		{DE7AD618-771F-414D-9DFF-E823D802FC2F}.Release|Any CPU.ActiveCfg = Release|Any CPU
		{DE7AD618-771F-414D-9DFF-E823D802FC2F}.Release|Any CPU.Build.0 = Release|Any CPU
		{BEC55F4E-19AC-470A-91FC-6C7C54235240}.Debug|Any CPU.ActiveCfg = Debug|Any CPU
		{BEC55F4E-19AC-470A-91FC-6C7C54235240}.Debug|Any CPU.Build.0 = Debug|Any CPU
		{BEC55F4E-19AC-470A-91FC-6C7C54235240}.Release|Any CPU.ActiveCfg = Release|Any CPU
		{BEC55F4E-19AC-470A-91FC-6C7C54235240}.Release|Any CPU.Build.0 = Release|Any CPU
	EndGlobalSection
	GlobalSection(SolutionProperties) = preSolution
		HideSolutionNode = FALSE
	EndGlobalSection
	GlobalSection(NestedProjects) = preSolution
		{00DCDA85-5B70-4DAE-BCD3-FF043673F336} = {4C475832-0793-40F2-9684-79B7DE5C1B25}
		{375748AA-3CFD-4C57-A5D8-F75729986474} = {00DCDA85-5B70-4DAE-BCD3-FF043673F336}
		{7C3026E9-4021-4B0E-B20B-ED2B460450CD} = {4C475832-0793-40F2-9684-79B7DE5C1B25}
		{83B4BBC3-A4E0-45D4-B6BB-3A23A199995E} = {7C3026E9-4021-4B0E-B20B-ED2B460450CD}
		{40553CD8-1A6C-46A0-A65F-F756F6E1FCC4} = {4C475832-0793-40F2-9684-79B7DE5C1B25}
		{37B51F4C-BE98-4936-9F64-22156C572A4F} = {40553CD8-1A6C-46A0-A65F-F756F6E1FCC4}
		{8DA7E0F3-A6F6-4F6C-8F84-99902A7AF2A9} = {4C475832-0793-40F2-9684-79B7DE5C1B25}
		{52C532B0-093B-42A0-8D4F-F8B957AA5827} = {4C475832-0793-40F2-9684-79B7DE5C1B25}
		{E76889C9-0FE5-4510-B0DD-5B5B629AA920} = {4C475832-0793-40F2-9684-79B7DE5C1B25}
		{053CB629-94AE-4397-9E08-614B165A886E} = {8DA7E0F3-A6F6-4F6C-8F84-99902A7AF2A9}
		{68582F43-E347-4B3F-AF68-725FB42831F3} = {E76889C9-0FE5-4510-B0DD-5B5B629AA920}
		{79BE8987-3891-4FBA-817A-36327465D486} = {52C532B0-093B-42A0-8D4F-F8B957AA5827}
		{82FB0EA9-73B1-4CC7-85C6-98AB7D0EA2FF} = {4C475832-0793-40F2-9684-79B7DE5C1B25}
		{DE7AD618-771F-414D-9DFF-E823D802FC2F} = {82FB0EA9-73B1-4CC7-85C6-98AB7D0EA2FF}
		{E6478F7E-4B26-49C3-BB49-78A55BE5A459} = {4C475832-0793-40F2-9684-79B7DE5C1B25}
		{BEC55F4E-19AC-470A-91FC-6C7C54235240} = {E6478F7E-4B26-49C3-BB49-78A55BE5A459}
	EndGlobalSection
	GlobalSection(ExtensibilityGlobals) = postSolution
		SolutionGuid = {EE58CC70-F23B-416B-933A-CD9077E9144A}
	EndGlobalSection
EndGlobal
